// !$*UTF8*$!
{
	archiveVersion = 1;
	classes = {
	};
	objectVersion = 46;
	objects = {

/* Begin PBXBuildFile section */
		1A88B2641FC3D9C9005C14AE /* Images.xcassets in Resources */ = {isa = PBXBuildFile; fileRef = 1A88B2631FC3D9C9005C14AE /* Images.xcassets */; };
		1AC6FB21180E996B004C840B /* libcocos2d Mac.a in Frameworks */ = {isa = PBXBuildFile; fileRef = 1AC6FAF9180E9839004C840B /* libcocos2d Mac.a */; };
		1AC6FB30180E99EB004C840B /* libcocos2d iOS.a in Frameworks */ = {isa = PBXBuildFile; fileRef = 1AC6FB07180E9839004C840B /* libcocos2d iOS.a */; };
		1AF87B781F6F77F7007BE51C /* AppController.mm in Sources */ = {isa = PBXBuildFile; fileRef = 1AF87B481F6F77D6007BE51C /* AppController.mm */; };
		1AF87B881F6F781D007BE51C /* LaunchScreen.storyboard in Resources */ = {isa = PBXBuildFile; fileRef = 1AF87B591F6F77D6007BE51C /* LaunchScreen.storyboard */; };
		1AF87B891F6F781D007BE51C /* LaunchScreenBackground.png in Resources */ = {isa = PBXBuildFile; fileRef = 1AF87B5A1F6F77D6007BE51C /* LaunchScreenBackground.png */; };
		1AF87B8A1F6F7822007BE51C /* main.m in Sources */ = {isa = PBXBuildFile; fileRef = 1AF87B5B1F6F77D6007BE51C /* main.m */; };
		1AF87B8B1F6F782A007BE51C /* RootViewController.mm in Sources */ = {isa = PBXBuildFile; fileRef = 1AF87B5E1F6F77D6007BE51C /* RootViewController.mm */; };
		1D60589F0D05DD5A006BFB54 /* Foundation.framework in Frameworks */ = {isa = PBXBuildFile; fileRef = 1D30AB110D05D00D00671497 /* Foundation.framework */; };
		1DF5F4E00D08C38300B7A737 /* UIKit.framework in Frameworks */ = {isa = PBXBuildFile; fileRef = 1DF5F4DF0D08C38300B7A737 /* UIKit.framework */; };
		288765A50DF7441C002DB57D /* CoreGraphics.framework in Frameworks */ = {isa = PBXBuildFile; fileRef = 288765A40DF7441C002DB57D /* CoreGraphics.framework */; };
		294D0D641D0D56D500F7F5D4 /* CoreText.framework in Frameworks */ = {isa = PBXBuildFile; fileRef = 294D0D631D0D56D500F7F5D4 /* CoreText.framework */; };
		46880B8819C43A87006E1F66 /* AppDelegate.cpp in Sources */ = {isa = PBXBuildFile; fileRef = 46880B8419C43A87006E1F66 /* AppDelegate.cpp */; };
		46880B8919C43A87006E1F66 /* AppDelegate.cpp in Sources */ = {isa = PBXBuildFile; fileRef = 46880B8419C43A87006E1F66 /* AppDelegate.cpp */; };
		503AE0F817EB97AB00D1A890 /* Icon.icns in Resources */ = {isa = PBXBuildFile; fileRef = 503AE0F617EB97AB00D1A890 /* Icon.icns */; };
		503AE10517EB98FF00D1A890 /* main.cpp in Sources */ = {isa = PBXBuildFile; fileRef = 503AE10317EB98FF00D1A890 /* main.cpp */; };
		503AE11B17EB9C5A00D1A890 /* IOKit.framework in Frameworks */ = {isa = PBXBuildFile; fileRef = 503AE11A17EB9C5A00D1A890 /* IOKit.framework */; };
		5087E76317EB910900C73F5D /* Foundation.framework in Frameworks */ = {isa = PBXBuildFile; fileRef = 1D30AB110D05D00D00671497 /* Foundation.framework */; };
		5087E76717EB910900C73F5D /* libz.dylib in Frameworks */ = {isa = PBXBuildFile; fileRef = BF170DB412928DE900B8313A /* libz.dylib */; };
		5087E76817EB910900C73F5D /* QuartzCore.framework in Frameworks */ = {isa = PBXBuildFile; fileRef = BF1C47EA1293683800B63C5D /* QuartzCore.framework */; };
		5087E76917EB910900C73F5D /* OpenAL.framework in Frameworks */ = {isa = PBXBuildFile; fileRef = D44C620B132DFF330009C878 /* OpenAL.framework */; };
		5087E76A17EB910900C73F5D /* AVFoundation.framework in Frameworks */ = {isa = PBXBuildFile; fileRef = D44C620D132DFF430009C878 /* AVFoundation.framework */; };
		5087E76B17EB910900C73F5D /* AudioToolbox.framework in Frameworks */ = {isa = PBXBuildFile; fileRef = D44C620F132DFF4E0009C878 /* AudioToolbox.framework */; };
		5087E78917EB974C00C73F5D /* AppKit.framework in Frameworks */ = {isa = PBXBuildFile; fileRef = 5087E78817EB974C00C73F5D /* AppKit.framework */; };
		5087E78B17EB975400C73F5D /* OpenGL.framework in Frameworks */ = {isa = PBXBuildFile; fileRef = 5087E78A17EB975400C73F5D /* OpenGL.framework */; };
		52B47A471A53D09C004E4C60 /* Security.framework in Frameworks */ = {isa = PBXBuildFile; fileRef = 52B47A461A53D09B004E4C60 /* Security.framework */; };
		8262943E1AAF051F00CB7CF7 /* Security.framework in Frameworks */ = {isa = PBXBuildFile; fileRef = 8262943D1AAF051F00CB7CF7 /* Security.framework */; };
		BF171245129291EC00B8313A /* OpenGLES.framework in Frameworks */ = {isa = PBXBuildFile; fileRef = BF170DB012928DE900B8313A /* OpenGLES.framework */; };
		BF1712471292920000B8313A /* libz.dylib in Frameworks */ = {isa = PBXBuildFile; fileRef = BF170DB412928DE900B8313A /* libz.dylib */; };
		BF1C47F01293687400B63C5D /* QuartzCore.framework in Frameworks */ = {isa = PBXBuildFile; fileRef = BF1C47EA1293683800B63C5D /* QuartzCore.framework */; };
		D44C620C132DFF330009C878 /* OpenAL.framework in Frameworks */ = {isa = PBXBuildFile; fileRef = D44C620B132DFF330009C878 /* OpenAL.framework */; };
		D44C620E132DFF430009C878 /* AVFoundation.framework in Frameworks */ = {isa = PBXBuildFile; fileRef = D44C620D132DFF430009C878 /* AVFoundation.framework */; };
		D44C6210132DFF4E0009C878 /* AudioToolbox.framework in Frameworks */ = {isa = PBXBuildFile; fileRef = D44C620F132DFF4E0009C878 /* AudioToolbox.framework */; };
		D6B0611B1803AB670077942B /* CoreMotion.framework in Frameworks */ = {isa = PBXBuildFile; fileRef = D6B0611A1803AB670077942B /* CoreMotion.framework */; };
		E318CB282192276F003245B4 /* ltm.c in Sources */ = {isa = PBXBuildFile; fileRef = E318CAED2192276B003245B4 /* ltm.c */; };
		E318CB292192276F003245B4 /* ltm.c in Sources */ = {isa = PBXBuildFile; fileRef = E318CAED2192276B003245B4 /* ltm.c */; };
		E318CB2A2192276F003245B4 /* lstrlib.c in Sources */ = {isa = PBXBuildFile; fileRef = E318CAEE2192276B003245B4 /* lstrlib.c */; };
		E318CB2B2192276F003245B4 /* lstrlib.c in Sources */ = {isa = PBXBuildFile; fileRef = E318CAEE2192276B003245B4 /* lstrlib.c */; };
		E318CB2C2192276F003245B4 /* ltable.c in Sources */ = {isa = PBXBuildFile; fileRef = E318CAEF2192276B003245B4 /* ltable.c */; };
		E318CB2D2192276F003245B4 /* ltable.c in Sources */ = {isa = PBXBuildFile; fileRef = E318CAEF2192276B003245B4 /* ltable.c */; };
		E318CB2E2192276F003245B4 /* loslib.c in Sources */ = {isa = PBXBuildFile; fileRef = E318CAF12192276B003245B4 /* loslib.c */; };
		E318CB2F2192276F003245B4 /* loslib.c in Sources */ = {isa = PBXBuildFile; fileRef = E318CAF12192276B003245B4 /* loslib.c */; };
		E318CB302192276F003245B4 /* lmem.c in Sources */ = {isa = PBXBuildFile; fileRef = E318CAF32192276B003245B4 /* lmem.c */; };
		E318CB312192276F003245B4 /* lmem.c in Sources */ = {isa = PBXBuildFile; fileRef = E318CAF32192276B003245B4 /* lmem.c */; };
		E318CB322192276F003245B4 /* lapi.c in Sources */ = {isa = PBXBuildFile; fileRef = E318CAF92192276B003245B4 /* lapi.c */; };
		E318CB332192276F003245B4 /* lapi.c in Sources */ = {isa = PBXBuildFile; fileRef = E318CAF92192276B003245B4 /* lapi.c */; };
		E318CB342192276F003245B4 /* lstring.c in Sources */ = {isa = PBXBuildFile; fileRef = E318CAFB2192276B003245B4 /* lstring.c */; };
		E318CB352192276F003245B4 /* lstring.c in Sources */ = {isa = PBXBuildFile; fileRef = E318CAFB2192276B003245B4 /* lstring.c */; };
		E318CB362192276F003245B4 /* lvm.c in Sources */ = {isa = PBXBuildFile; fileRef = E318CAFC2192276B003245B4 /* lvm.c */; };
		E318CB372192276F003245B4 /* lvm.c in Sources */ = {isa = PBXBuildFile; fileRef = E318CAFC2192276B003245B4 /* lvm.c */; };
		E318CB382192276F003245B4 /* lopcodes.c in Sources */ = {isa = PBXBuildFile; fileRef = E318CAFD2192276B003245B4 /* lopcodes.c */; };
		E318CB392192276F003245B4 /* lopcodes.c in Sources */ = {isa = PBXBuildFile; fileRef = E318CAFD2192276B003245B4 /* lopcodes.c */; };
		E318CB3A2192276F003245B4 /* lfunc.c in Sources */ = {isa = PBXBuildFile; fileRef = E318CAFE2192276C003245B4 /* lfunc.c */; };
		E318CB3B2192276F003245B4 /* lfunc.c in Sources */ = {isa = PBXBuildFile; fileRef = E318CAFE2192276C003245B4 /* lfunc.c */; };
		E318CB3C2192276F003245B4 /* ldebug.c in Sources */ = {isa = PBXBuildFile; fileRef = E318CB002192276C003245B4 /* ldebug.c */; };
		E318CB3D2192276F003245B4 /* ldebug.c in Sources */ = {isa = PBXBuildFile; fileRef = E318CB002192276C003245B4 /* ldebug.c */; };
		E318CB3E2192276F003245B4 /* lmathlib.c in Sources */ = {isa = PBXBuildFile; fileRef = E318CB012192276C003245B4 /* lmathlib.c */; };
		E318CB3F2192276F003245B4 /* lmathlib.c in Sources */ = {isa = PBXBuildFile; fileRef = E318CB012192276C003245B4 /* lmathlib.c */; };
		E318CB402192276F003245B4 /* ldump.c in Sources */ = {isa = PBXBuildFile; fileRef = E318CB032192276C003245B4 /* ldump.c */; };
		E318CB412192276F003245B4 /* ldump.c in Sources */ = {isa = PBXBuildFile; fileRef = E318CB032192276C003245B4 /* ldump.c */; };
		E318CB422192276F003245B4 /* llex.c in Sources */ = {isa = PBXBuildFile; fileRef = E318CB052192276C003245B4 /* llex.c */; };
		E318CB432192276F003245B4 /* llex.c in Sources */ = {isa = PBXBuildFile; fileRef = E318CB052192276C003245B4 /* llex.c */; };
		E318CB442192276F003245B4 /* lauxlib.c in Sources */ = {isa = PBXBuildFile; fileRef = E318CB0A2192276C003245B4 /* lauxlib.c */; };
		E318CB452192276F003245B4 /* lauxlib.c in Sources */ = {isa = PBXBuildFile; fileRef = E318CB0A2192276C003245B4 /* lauxlib.c */; };
		E318CB462192276F003245B4 /* lobject.c in Sources */ = {isa = PBXBuildFile; fileRef = E318CB0D2192276D003245B4 /* lobject.c */; };
		E318CB472192276F003245B4 /* lobject.c in Sources */ = {isa = PBXBuildFile; fileRef = E318CB0D2192276D003245B4 /* lobject.c */; };
		E318CB482192276F003245B4 /* ldo.c in Sources */ = {isa = PBXBuildFile; fileRef = E318CB0E2192276D003245B4 /* ldo.c */; };
		E318CB492192276F003245B4 /* ldo.c in Sources */ = {isa = PBXBuildFile; fileRef = E318CB0E2192276D003245B4 /* ldo.c */; };
		E318CB4A2192276F003245B4 /* lzio.c in Sources */ = {isa = PBXBuildFile; fileRef = E318CB0F2192276D003245B4 /* lzio.c */; };
		E318CB4B2192276F003245B4 /* lzio.c in Sources */ = {isa = PBXBuildFile; fileRef = E318CB0F2192276D003245B4 /* lzio.c */; };
		E318CB4C2192276F003245B4 /* lutf8lib.c in Sources */ = {isa = PBXBuildFile; fileRef = E318CB112192276D003245B4 /* lutf8lib.c */; };
		E318CB4D2192276F003245B4 /* lutf8lib.c in Sources */ = {isa = PBXBuildFile; fileRef = E318CB112192276D003245B4 /* lutf8lib.c */; };
		E318CB4E2192276F003245B4 /* lundump.c in Sources */ = {isa = PBXBuildFile; fileRef = E318CB122192276D003245B4 /* lundump.c */; };
		E318CB4F2192276F003245B4 /* lundump.c in Sources */ = {isa = PBXBuildFile; fileRef = E318CB122192276D003245B4 /* lundump.c */; };
		E318CB502192276F003245B4 /* liolib.c in Sources */ = {isa = PBXBuildFile; fileRef = E318CB132192276D003245B4 /* liolib.c */; };
		E318CB512192276F003245B4 /* liolib.c in Sources */ = {isa = PBXBuildFile; fileRef = E318CB132192276D003245B4 /* liolib.c */; };
		E318CB522192276F003245B4 /* lstate.c in Sources */ = {isa = PBXBuildFile; fileRef = E318CB142192276D003245B4 /* lstate.c */; };
		E318CB532192276F003245B4 /* lstate.c in Sources */ = {isa = PBXBuildFile; fileRef = E318CB142192276D003245B4 /* lstate.c */; };
		E318CB542192276F003245B4 /* loadlib.c in Sources */ = {isa = PBXBuildFile; fileRef = E318CB152192276E003245B4 /* loadlib.c */; };
		E318CB552192276F003245B4 /* loadlib.c in Sources */ = {isa = PBXBuildFile; fileRef = E318CB152192276E003245B4 /* loadlib.c */; };
		E318CB562192276F003245B4 /* lbitlib.c in Sources */ = {isa = PBXBuildFile; fileRef = E318CB162192276E003245B4 /* lbitlib.c */; };
		E318CB572192276F003245B4 /* lbitlib.c in Sources */ = {isa = PBXBuildFile; fileRef = E318CB162192276E003245B4 /* lbitlib.c */; };
		E318CB582192276F003245B4 /* lcode.c in Sources */ = {isa = PBXBuildFile; fileRef = E318CB172192276E003245B4 /* lcode.c */; };
		E318CB592192276F003245B4 /* lcode.c in Sources */ = {isa = PBXBuildFile; fileRef = E318CB172192276E003245B4 /* lcode.c */; };
		E318CB5A2192276F003245B4 /* linit.c in Sources */ = {isa = PBXBuildFile; fileRef = E318CB192192276E003245B4 /* linit.c */; };
		E318CB5B2192276F003245B4 /* linit.c in Sources */ = {isa = PBXBuildFile; fileRef = E318CB192192276E003245B4 /* linit.c */; };
		E318CB5C2192276F003245B4 /* ldblib.c in Sources */ = {isa = PBXBuildFile; fileRef = E318CB1A2192276E003245B4 /* ldblib.c */; };
		E318CB5D2192276F003245B4 /* ldblib.c in Sources */ = {isa = PBXBuildFile; fileRef = E318CB1A2192276E003245B4 /* ldblib.c */; };
		E318CB5E2192276F003245B4 /* lbaselib.c in Sources */ = {isa = PBXBuildFile; fileRef = E318CB1D2192276E003245B4 /* lbaselib.c */; };
		E318CB5F2192276F003245B4 /* lbaselib.c in Sources */ = {isa = PBXBuildFile; fileRef = E318CB1D2192276E003245B4 /* lbaselib.c */; };
		E318CB602192276F003245B4 /* lcorolib.c in Sources */ = {isa = PBXBuildFile; fileRef = E318CB1F2192276F003245B4 /* lcorolib.c */; };
		E318CB612192276F003245B4 /* lcorolib.c in Sources */ = {isa = PBXBuildFile; fileRef = E318CB1F2192276F003245B4 /* lcorolib.c */; };
		E318CB622192276F003245B4 /* lctype.c in Sources */ = {isa = PBXBuildFile; fileRef = E318CB202192276F003245B4 /* lctype.c */; };
		E318CB632192276F003245B4 /* lctype.c in Sources */ = {isa = PBXBuildFile; fileRef = E318CB202192276F003245B4 /* lctype.c */; };
		E318CB642192276F003245B4 /* lgc.c in Sources */ = {isa = PBXBuildFile; fileRef = E318CB212192276F003245B4 /* lgc.c */; };
		E318CB652192276F003245B4 /* lgc.c in Sources */ = {isa = PBXBuildFile; fileRef = E318CB212192276F003245B4 /* lgc.c */; };
		E318CB662192276F003245B4 /* ltablib.c in Sources */ = {isa = PBXBuildFile; fileRef = E318CB232192276F003245B4 /* ltablib.c */; };
		E318CB672192276F003245B4 /* ltablib.c in Sources */ = {isa = PBXBuildFile; fileRef = E318CB232192276F003245B4 /* ltablib.c */; };
		E318CB682192276F003245B4 /* lparser.c in Sources */ = {isa = PBXBuildFile; fileRef = E318CB242192276F003245B4 /* lparser.c */; };
		E318CB692192276F003245B4 /* lparser.c in Sources */ = {isa = PBXBuildFile; fileRef = E318CB242192276F003245B4 /* lparser.c */; };
		E387F1902184BEC400C2842F /* res in Resources */ = {isa = PBXBuildFile; fileRef = E387F18F2184BEC400C2842F /* res */; };
		E387F1912184BEC400C2842F /* res in Resources */ = {isa = PBXBuildFile; fileRef = E387F18F2184BEC400C2842F /* res */; };
		ED545A7C1B68A1F400C3958E /* libiconv.dylib in Frameworks */ = {isa = PBXBuildFile; fileRef = ED545A7B1B68A1F400C3958E /* libiconv.dylib */; };
		ED545A7E1B68A1FA00C3958E /* libiconv.dylib in Frameworks */ = {isa = PBXBuildFile; fileRef = ED545A7D1B68A1FA00C3958E /* libiconv.dylib */; };
		F5126DF721C8EB7700C03004 /* Reachability.m in Sources */ = {isa = PBXBuildFile; fileRef = F5126DF421C8EB7700C03004 /* Reachability.m */; };
		F5126DF921C8EE3C00C03004 /* SystemConfiguration.framework in Frameworks */ = {isa = PBXBuildFile; fileRef = F5126DF821C8EE3C00C03004 /* SystemConfiguration.framework */; };
		F53349452184642F005E9755 /* xx_uv.cpp in Sources */ = {isa = PBXBuildFile; fileRef = F53349272184642F005E9755 /* xx_uv.cpp */; };
		F53349462184642F005E9755 /* xx_uv.cpp in Sources */ = {isa = PBXBuildFile; fileRef = F53349272184642F005E9755 /* xx_uv.cpp */; };
		F53349472184642F005E9755 /* http_parser.c in Sources */ = {isa = PBXBuildFile; fileRef = F533493A2184642F005E9755 /* http_parser.c */; };
		F53349482184642F005E9755 /* http_parser.c in Sources */ = {isa = PBXBuildFile; fileRef = F533493A2184642F005E9755 /* http_parser.c */; };
		F53349492184642F005E9755 /* ikcp.cpp in Sources */ = {isa = PBXBuildFile; fileRef = F533493B2184642F005E9755 /* ikcp.cpp */; };
		F533494A2184642F005E9755 /* ikcp.cpp in Sources */ = {isa = PBXBuildFile; fileRef = F533493B2184642F005E9755 /* ikcp.cpp */; };
/* End PBXBuildFile section */

/* Begin PBXContainerItemProxy section */
		1A7533E21F6F75F6007E8E6F /* PBXContainerItemProxy */ = {
			isa = PBXContainerItemProxy;
			containerPortal = 1AC6FAE5180E9839004C840B /* cocos2d_libs.xcodeproj */;
			proxyType = 2;
			remoteGlobalIDString = 507B40FD1C31BDD30067B53E;
			remoteInfo = "libcocos2d tvOS";
		};
		1AC6FAF8180E9839004C840B /* PBXContainerItemProxy */ = {
			isa = PBXContainerItemProxy;
			containerPortal = 1AC6FAE5180E9839004C840B /* cocos2d_libs.xcodeproj */;
			proxyType = 2;
			remoteGlobalIDString = 1551A33F158F2AB200E66CFE;
			remoteInfo = "cocos2dx Mac";
		};
		1AC6FB06180E9839004C840B /* PBXContainerItemProxy */ = {
			isa = PBXContainerItemProxy;
			containerPortal = 1AC6FAE5180E9839004C840B /* cocos2d_libs.xcodeproj */;
			proxyType = 2;
			remoteGlobalIDString = A07A4D641783777C0073F6A7;
			remoteInfo = "cocos2dx iOS";
		};
		1AC6FB15180E9959004C840B /* PBXContainerItemProxy */ = {
			isa = PBXContainerItemProxy;
			containerPortal = 1AC6FAE5180E9839004C840B /* cocos2d_libs.xcodeproj */;
			proxyType = 1;
			remoteGlobalIDString = 1551A33E158F2AB200E66CFE;
			remoteInfo = "cocos2dx Mac";
		};
		1AC6FB24180E99E1004C840B /* PBXContainerItemProxy */ = {
			isa = PBXContainerItemProxy;
			containerPortal = 1AC6FAE5180E9839004C840B /* cocos2d_libs.xcodeproj */;
			proxyType = 1;
			remoteGlobalIDString = A07A4C241783777C0073F6A7;
			remoteInfo = "cocos2dx iOS";
		};
/* End PBXContainerItemProxy section */

/* Begin PBXFileReference section */
		1A88B2631FC3D9C9005C14AE /* Images.xcassets */ = {isa = PBXFileReference; lastKnownFileType = folder.assetcatalog; path = Images.xcassets; sourceTree = "<group>"; };
		1AC6FAE5180E9839004C840B /* cocos2d_libs.xcodeproj */ = {isa = PBXFileReference; lastKnownFileType = "wrapper.pb-project"; name = cocos2d_libs.xcodeproj; path = ../cocos2d/build/cocos2d_libs.xcodeproj; sourceTree = "<group>"; };
		1ACB3243164770DE00914215 /* libcurl.a */ = {isa = PBXFileReference; lastKnownFileType = archive.ar; name = libcurl.a; path = ../../cocos2dx/platform/third_party/ios/libraries/libcurl.a; sourceTree = "<group>"; };
		1AF87B471F6F77D6007BE51C /* AppController.h */ = {isa = PBXFileReference; lastKnownFileType = sourcecode.c.h; path = AppController.h; sourceTree = "<group>"; };
		1AF87B481F6F77D6007BE51C /* AppController.mm */ = {isa = PBXFileReference; lastKnownFileType = sourcecode.cpp.objcpp; path = AppController.mm; sourceTree = "<group>"; };
		1AF87B581F6F77D6007BE51C /* Info.plist */ = {isa = PBXFileReference; lastKnownFileType = text.plist.xml; path = Info.plist; sourceTree = "<group>"; };
		1AF87B591F6F77D6007BE51C /* LaunchScreen.storyboard */ = {isa = PBXFileReference; lastKnownFileType = file.storyboard; path = LaunchScreen.storyboard; sourceTree = "<group>"; };
		1AF87B5A1F6F77D6007BE51C /* LaunchScreenBackground.png */ = {isa = PBXFileReference; lastKnownFileType = image.png; path = LaunchScreenBackground.png; sourceTree = "<group>"; };
		1AF87B5B1F6F77D6007BE51C /* main.m */ = {isa = PBXFileReference; lastKnownFileType = sourcecode.c.objc; path = main.m; sourceTree = "<group>"; };
		1AF87B5C1F6F77D6007BE51C /* Prefix.pch */ = {isa = PBXFileReference; lastKnownFileType = sourcecode.c.h; path = Prefix.pch; sourceTree = "<group>"; };
		1AF87B5D1F6F77D6007BE51C /* RootViewController.h */ = {isa = PBXFileReference; lastKnownFileType = sourcecode.c.h; path = RootViewController.h; sourceTree = "<group>"; };
		1AF87B5E1F6F77D6007BE51C /* RootViewController.mm */ = {isa = PBXFileReference; lastKnownFileType = sourcecode.cpp.objcpp; path = RootViewController.mm; sourceTree = "<group>"; };
		1D30AB110D05D00D00671497 /* Foundation.framework */ = {isa = PBXFileReference; lastKnownFileType = wrapper.framework; name = Foundation.framework; path = System/Library/Frameworks/Foundation.framework; sourceTree = SDKROOT; };
		1D6058910D05DD3D006BFB54 /* cccpp1-mobile.app */ = {isa = PBXFileReference; explicitFileType = wrapper.application; includeInIndex = 0; path = "cccpp1-mobile.app"; sourceTree = BUILT_PRODUCTS_DIR; };
		1DF5F4DF0D08C38300B7A737 /* UIKit.framework */ = {isa = PBXFileReference; lastKnownFileType = wrapper.framework; name = UIKit.framework; path = System/Library/Frameworks/UIKit.framework; sourceTree = SDKROOT; };
		288765A40DF7441C002DB57D /* CoreGraphics.framework */ = {isa = PBXFileReference; lastKnownFileType = wrapper.framework; name = CoreGraphics.framework; path = System/Library/Frameworks/CoreGraphics.framework; sourceTree = SDKROOT; };
		294D0D631D0D56D500F7F5D4 /* CoreText.framework */ = {isa = PBXFileReference; lastKnownFileType = wrapper.framework; name = CoreText.framework; path = Platforms/iPhoneOS.platform/Developer/SDKs/iPhoneOS.sdk/System/Library/Frameworks/CoreText.framework; sourceTree = DEVELOPER_DIR; };
		46880B8419C43A87006E1F66 /* AppDelegate.cpp */ = {isa = PBXFileReference; fileEncoding = 4; lastKnownFileType = sourcecode.cpp.cpp; path = AppDelegate.cpp; sourceTree = "<group>"; };
		46880B8519C43A87006E1F66 /* AppDelegate.h */ = {isa = PBXFileReference; fileEncoding = 4; lastKnownFileType = sourcecode.c.h; path = AppDelegate.h; sourceTree = "<group>"; };
		503AE0F617EB97AB00D1A890 /* Icon.icns */ = {isa = PBXFileReference; lastKnownFileType = image.icns; path = Icon.icns; sourceTree = "<group>"; };
		503AE0F717EB97AB00D1A890 /* Info.plist */ = {isa = PBXFileReference; fileEncoding = 4; lastKnownFileType = text.plist.xml; path = Info.plist; sourceTree = "<group>"; };
		503AE10317EB98FF00D1A890 /* main.cpp */ = {isa = PBXFileReference; fileEncoding = 4; lastKnownFileType = sourcecode.cpp.cpp; name = main.cpp; path = mac/main.cpp; sourceTree = "<group>"; };
		503AE10417EB98FF00D1A890 /* Prefix.pch */ = {isa = PBXFileReference; fileEncoding = 4; lastKnownFileType = sourcecode.c.h; name = Prefix.pch; path = mac/Prefix.pch; sourceTree = "<group>"; };
		503AE11117EB99EE00D1A890 /* libcurl.dylib */ = {isa = PBXFileReference; lastKnownFileType = "compiled.mach-o.dylib"; name = libcurl.dylib; path = usr/lib/libcurl.dylib; sourceTree = SDKROOT; };
		503AE11A17EB9C5A00D1A890 /* IOKit.framework */ = {isa = PBXFileReference; lastKnownFileType = wrapper.framework; name = IOKit.framework; path = System/Library/Frameworks/IOKit.framework; sourceTree = SDKROOT; };
		5087E76F17EB910900C73F5D /* cccpp1-desktop.app */ = {isa = PBXFileReference; explicitFileType = wrapper.application; includeInIndex = 0; path = "cccpp1-desktop.app"; sourceTree = BUILT_PRODUCTS_DIR; };
		5087E78817EB974C00C73F5D /* AppKit.framework */ = {isa = PBXFileReference; lastKnownFileType = wrapper.framework; name = AppKit.framework; path = System/Library/Frameworks/AppKit.framework; sourceTree = SDKROOT; };
		5087E78A17EB975400C73F5D /* OpenGL.framework */ = {isa = PBXFileReference; lastKnownFileType = wrapper.framework; name = OpenGL.framework; path = System/Library/Frameworks/OpenGL.framework; sourceTree = SDKROOT; };
		52B47A461A53D09B004E4C60 /* Security.framework */ = {isa = PBXFileReference; lastKnownFileType = wrapper.framework; name = Security.framework; path = Platforms/iPhoneOS.platform/Developer/SDKs/iPhoneOS.sdk/System/Library/Frameworks/Security.framework; sourceTree = DEVELOPER_DIR; };
		8262943D1AAF051F00CB7CF7 /* Security.framework */ = {isa = PBXFileReference; lastKnownFileType = wrapper.framework; name = Security.framework; path = System/Library/Frameworks/Security.framework; sourceTree = SDKROOT; };
		BF170DB012928DE900B8313A /* OpenGLES.framework */ = {isa = PBXFileReference; lastKnownFileType = wrapper.framework; name = OpenGLES.framework; path = System/Library/Frameworks/OpenGLES.framework; sourceTree = SDKROOT; };
		BF170DB412928DE900B8313A /* libz.dylib */ = {isa = PBXFileReference; lastKnownFileType = "compiled.mach-o.dylib"; name = libz.dylib; path = usr/lib/libz.dylib; sourceTree = SDKROOT; };
		BF1C47EA1293683800B63C5D /* QuartzCore.framework */ = {isa = PBXFileReference; lastKnownFileType = wrapper.framework; name = QuartzCore.framework; path = System/Library/Frameworks/QuartzCore.framework; sourceTree = SDKROOT; };
		D44C620B132DFF330009C878 /* OpenAL.framework */ = {isa = PBXFileReference; lastKnownFileType = wrapper.framework; name = OpenAL.framework; path = System/Library/Frameworks/OpenAL.framework; sourceTree = SDKROOT; };
		D44C620D132DFF430009C878 /* AVFoundation.framework */ = {isa = PBXFileReference; lastKnownFileType = wrapper.framework; name = AVFoundation.framework; path = System/Library/Frameworks/AVFoundation.framework; sourceTree = SDKROOT; };
		D44C620F132DFF4E0009C878 /* AudioToolbox.framework */ = {isa = PBXFileReference; lastKnownFileType = wrapper.framework; name = AudioToolbox.framework; path = System/Library/Frameworks/AudioToolbox.framework; sourceTree = SDKROOT; };
		D6B0611A1803AB670077942B /* CoreMotion.framework */ = {isa = PBXFileReference; lastKnownFileType = wrapper.framework; name = CoreMotion.framework; path = Platforms/iPhoneOS.platform/Developer/SDKs/iPhoneOS.sdk/System/Library/Frameworks/CoreMotion.framework; sourceTree = DEVELOPER_DIR; };
		E318CAED2192276B003245B4 /* ltm.c */ = {isa = PBXFileReference; fileEncoding = 4; lastKnownFileType = sourcecode.c.c; name = ltm.c; path = ../lua/src/ltm.c; sourceTree = "<group>"; };
		E318CAEE2192276B003245B4 /* lstrlib.c */ = {isa = PBXFileReference; fileEncoding = 4; lastKnownFileType = sourcecode.c.c; name = lstrlib.c; path = ../lua/src/lstrlib.c; sourceTree = "<group>"; };
		E318CAEF2192276B003245B4 /* ltable.c */ = {isa = PBXFileReference; fileEncoding = 4; lastKnownFileType = sourcecode.c.c; name = ltable.c; path = ../lua/src/ltable.c; sourceTree = "<group>"; };
		E318CAF02192276B003245B4 /* lua.h */ = {isa = PBXFileReference; fileEncoding = 4; lastKnownFileType = sourcecode.c.h; name = lua.h; path = ../lua/src/lua.h; sourceTree = "<group>"; };
		E318CAF12192276B003245B4 /* loslib.c */ = {isa = PBXFileReference; fileEncoding = 4; lastKnownFileType = sourcecode.c.c; name = loslib.c; path = ../lua/src/loslib.c; sourceTree = "<group>"; };
		E318CAF22192276B003245B4 /* lualib.h */ = {isa = PBXFileReference; fileEncoding = 4; lastKnownFileType = sourcecode.c.h; name = lualib.h; path = ../lua/src/lualib.h; sourceTree = "<group>"; };
		E318CAF32192276B003245B4 /* lmem.c */ = {isa = PBXFileReference; fileEncoding = 4; lastKnownFileType = sourcecode.c.c; name = lmem.c; path = ../lua/src/lmem.c; sourceTree = "<group>"; };
		E318CAF42192276B003245B4 /* lctype.h */ = {isa = PBXFileReference; fileEncoding = 4; lastKnownFileType = sourcecode.c.h; name = lctype.h; path = ../lua/src/lctype.h; sourceTree = "<group>"; };
		E318CAF52192276B003245B4 /* lua.hpp */ = {isa = PBXFileReference; fileEncoding = 4; lastKnownFileType = sourcecode.cpp.h; name = lua.hpp; path = ../lua/src/lua.hpp; sourceTree = "<group>"; };
		E318CAF62192276B003245B4 /* lobject.h */ = {isa = PBXFileReference; fileEncoding = 4; lastKnownFileType = sourcecode.c.h; name = lobject.h; path = ../lua/src/lobject.h; sourceTree = "<group>"; };
		E318CAF72192276B003245B4 /* lapi.h */ = {isa = PBXFileReference; fileEncoding = 4; lastKnownFileType = sourcecode.c.h; name = lapi.h; path = ../lua/src/lapi.h; sourceTree = "<group>"; };
		E318CAF82192276B003245B4 /* lparser.h */ = {isa = PBXFileReference; fileEncoding = 4; lastKnownFileType = sourcecode.c.h; name = lparser.h; path = ../lua/src/lparser.h; sourceTree = "<group>"; };
		E318CAF92192276B003245B4 /* lapi.c */ = {isa = PBXFileReference; fileEncoding = 4; lastKnownFileType = sourcecode.c.c; name = lapi.c; path = ../lua/src/lapi.c; sourceTree = "<group>"; };
		E318CAFA2192276B003245B4 /* ltable.h */ = {isa = PBXFileReference; fileEncoding = 4; lastKnownFileType = sourcecode.c.h; name = ltable.h; path = ../lua/src/ltable.h; sourceTree = "<group>"; };
		E318CAFB2192276B003245B4 /* lstring.c */ = {isa = PBXFileReference; fileEncoding = 4; lastKnownFileType = sourcecode.c.c; name = lstring.c; path = ../lua/src/lstring.c; sourceTree = "<group>"; };
		E318CAFC2192276B003245B4 /* lvm.c */ = {isa = PBXFileReference; fileEncoding = 4; lastKnownFileType = sourcecode.c.c; name = lvm.c; path = ../lua/src/lvm.c; sourceTree = "<group>"; };
		E318CAFD2192276B003245B4 /* lopcodes.c */ = {isa = PBXFileReference; fileEncoding = 4; lastKnownFileType = sourcecode.c.c; name = lopcodes.c; path = ../lua/src/lopcodes.c; sourceTree = "<group>"; };
		E318CAFE2192276C003245B4 /* lfunc.c */ = {isa = PBXFileReference; fileEncoding = 4; lastKnownFileType = sourcecode.c.c; name = lfunc.c; path = ../lua/src/lfunc.c; sourceTree = "<group>"; };
		E318CAFF2192276C003245B4 /* lstring.h */ = {isa = PBXFileReference; fileEncoding = 4; lastKnownFileType = sourcecode.c.h; name = lstring.h; path = ../lua/src/lstring.h; sourceTree = "<group>"; };
		E318CB002192276C003245B4 /* ldebug.c */ = {isa = PBXFileReference; fileEncoding = 4; lastKnownFileType = sourcecode.c.c; name = ldebug.c; path = ../lua/src/ldebug.c; sourceTree = "<group>"; };
		E318CB012192276C003245B4 /* lmathlib.c */ = {isa = PBXFileReference; fileEncoding = 4; lastKnownFileType = sourcecode.c.c; name = lmathlib.c; path = ../lua/src/lmathlib.c; sourceTree = "<group>"; };
		E318CB022192276C003245B4 /* lvm.h */ = {isa = PBXFileReference; fileEncoding = 4; lastKnownFileType = sourcecode.c.h; name = lvm.h; path = ../lua/src/lvm.h; sourceTree = "<group>"; };
		E318CB032192276C003245B4 /* ldump.c */ = {isa = PBXFileReference; fileEncoding = 4; lastKnownFileType = sourcecode.c.c; name = ldump.c; path = ../lua/src/ldump.c; sourceTree = "<group>"; };
		E318CB042192276C003245B4 /* llex.h */ = {isa = PBXFileReference; fileEncoding = 4; lastKnownFileType = sourcecode.c.h; name = llex.h; path = ../lua/src/llex.h; sourceTree = "<group>"; };
		E318CB052192276C003245B4 /* llex.c */ = {isa = PBXFileReference; fileEncoding = 4; lastKnownFileType = sourcecode.c.c; name = llex.c; path = ../lua/src/llex.c; sourceTree = "<group>"; };
		E318CB062192276C003245B4 /* lzio.h */ = {isa = PBXFileReference; fileEncoding = 4; lastKnownFileType = sourcecode.c.h; name = lzio.h; path = ../lua/src/lzio.h; sourceTree = "<group>"; };
		E318CB072192276C003245B4 /* lauxlib.h */ = {isa = PBXFileReference; fileEncoding = 4; lastKnownFileType = sourcecode.c.h; name = lauxlib.h; path = ../lua/src/lauxlib.h; sourceTree = "<group>"; };
		E318CB082192276C003245B4 /* lopcodes.h */ = {isa = PBXFileReference; fileEncoding = 4; lastKnownFileType = sourcecode.c.h; name = lopcodes.h; path = ../lua/src/lopcodes.h; sourceTree = "<group>"; };
		E318CB092192276C003245B4 /* ltm.h */ = {isa = PBXFileReference; fileEncoding = 4; lastKnownFileType = sourcecode.c.h; name = ltm.h; path = ../lua/src/ltm.h; sourceTree = "<group>"; };
		E318CB0A2192276C003245B4 /* lauxlib.c */ = {isa = PBXFileReference; fileEncoding = 4; lastKnownFileType = sourcecode.c.c; name = lauxlib.c; path = ../lua/src/lauxlib.c; sourceTree = "<group>"; };
		E318CB0B2192276D003245B4 /* lgc.h */ = {isa = PBXFileReference; fileEncoding = 4; lastKnownFileType = sourcecode.c.h; name = lgc.h; path = ../lua/src/lgc.h; sourceTree = "<group>"; };
		E318CB0C2192276D003245B4 /* ldo.h */ = {isa = PBXFileReference; fileEncoding = 4; lastKnownFileType = sourcecode.c.h; name = ldo.h; path = ../lua/src/ldo.h; sourceTree = "<group>"; };
		E318CB0D2192276D003245B4 /* lobject.c */ = {isa = PBXFileReference; fileEncoding = 4; lastKnownFileType = sourcecode.c.c; name = lobject.c; path = ../lua/src/lobject.c; sourceTree = "<group>"; };
		E318CB0E2192276D003245B4 /* ldo.c */ = {isa = PBXFileReference; fileEncoding = 4; lastKnownFileType = sourcecode.c.c; name = ldo.c; path = ../lua/src/ldo.c; sourceTree = "<group>"; };
		E318CB0F2192276D003245B4 /* lzio.c */ = {isa = PBXFileReference; fileEncoding = 4; lastKnownFileType = sourcecode.c.c; name = lzio.c; path = ../lua/src/lzio.c; sourceTree = "<group>"; };
		E318CB102192276D003245B4 /* lcode.h */ = {isa = PBXFileReference; fileEncoding = 4; lastKnownFileType = sourcecode.c.h; name = lcode.h; path = ../lua/src/lcode.h; sourceTree = "<group>"; };
		E318CB112192276D003245B4 /* lutf8lib.c */ = {isa = PBXFileReference; fileEncoding = 4; lastKnownFileType = sourcecode.c.c; name = lutf8lib.c; path = ../lua/src/lutf8lib.c; sourceTree = "<group>"; };
		E318CB122192276D003245B4 /* lundump.c */ = {isa = PBXFileReference; fileEncoding = 4; lastKnownFileType = sourcecode.c.c; name = lundump.c; path = ../lua/src/lundump.c; sourceTree = "<group>"; };
		E318CB132192276D003245B4 /* liolib.c */ = {isa = PBXFileReference; fileEncoding = 4; lastKnownFileType = sourcecode.c.c; name = liolib.c; path = ../lua/src/liolib.c; sourceTree = "<group>"; };
		E318CB142192276D003245B4 /* lstate.c */ = {isa = PBXFileReference; fileEncoding = 4; lastKnownFileType = sourcecode.c.c; name = lstate.c; path = ../lua/src/lstate.c; sourceTree = "<group>"; };
		E318CB152192276E003245B4 /* loadlib.c */ = {isa = PBXFileReference; fileEncoding = 4; lastKnownFileType = sourcecode.c.c; name = loadlib.c; path = ../lua/src/loadlib.c; sourceTree = "<group>"; };
		E318CB162192276E003245B4 /* lbitlib.c */ = {isa = PBXFileReference; fileEncoding = 4; lastKnownFileType = sourcecode.c.c; name = lbitlib.c; path = ../lua/src/lbitlib.c; sourceTree = "<group>"; };
		E318CB172192276E003245B4 /* lcode.c */ = {isa = PBXFileReference; fileEncoding = 4; lastKnownFileType = sourcecode.c.c; name = lcode.c; path = ../lua/src/lcode.c; sourceTree = "<group>"; };
		E318CB182192276E003245B4 /* lprefix.h */ = {isa = PBXFileReference; fileEncoding = 4; lastKnownFileType = sourcecode.c.h; name = lprefix.h; path = ../lua/src/lprefix.h; sourceTree = "<group>"; };
		E318CB192192276E003245B4 /* linit.c */ = {isa = PBXFileReference; fileEncoding = 4; lastKnownFileType = sourcecode.c.c; name = linit.c; path = ../lua/src/linit.c; sourceTree = "<group>"; };
		E318CB1A2192276E003245B4 /* ldblib.c */ = {isa = PBXFileReference; fileEncoding = 4; lastKnownFileType = sourcecode.c.c; name = ldblib.c; path = ../lua/src/ldblib.c; sourceTree = "<group>"; };
		E318CB1B2192276E003245B4 /* luaconf.h */ = {isa = PBXFileReference; fileEncoding = 4; lastKnownFileType = sourcecode.c.h; name = luaconf.h; path = ../lua/src/luaconf.h; sourceTree = "<group>"; };
		E318CB1C2192276E003245B4 /* lundump.h */ = {isa = PBXFileReference; fileEncoding = 4; lastKnownFileType = sourcecode.c.h; name = lundump.h; path = ../lua/src/lundump.h; sourceTree = "<group>"; };
		E318CB1D2192276E003245B4 /* lbaselib.c */ = {isa = PBXFileReference; fileEncoding = 4; lastKnownFileType = sourcecode.c.c; name = lbaselib.c; path = ../lua/src/lbaselib.c; sourceTree = "<group>"; };
		E318CB1E2192276E003245B4 /* ldebug.h */ = {isa = PBXFileReference; fileEncoding = 4; lastKnownFileType = sourcecode.c.h; name = ldebug.h; path = ../lua/src/ldebug.h; sourceTree = "<group>"; };
		E318CB1F2192276F003245B4 /* lcorolib.c */ = {isa = PBXFileReference; fileEncoding = 4; lastKnownFileType = sourcecode.c.c; name = lcorolib.c; path = ../lua/src/lcorolib.c; sourceTree = "<group>"; };
		E318CB202192276F003245B4 /* lctype.c */ = {isa = PBXFileReference; fileEncoding = 4; lastKnownFileType = sourcecode.c.c; name = lctype.c; path = ../lua/src/lctype.c; sourceTree = "<group>"; };
		E318CB212192276F003245B4 /* lgc.c */ = {isa = PBXFileReference; fileEncoding = 4; lastKnownFileType = sourcecode.c.c; name = lgc.c; path = ../lua/src/lgc.c; sourceTree = "<group>"; };
		E318CB222192276F003245B4 /* lstate.h */ = {isa = PBXFileReference; fileEncoding = 4; lastKnownFileType = sourcecode.c.h; name = lstate.h; path = ../lua/src/lstate.h; sourceTree = "<group>"; };
		E318CB232192276F003245B4 /* ltablib.c */ = {isa = PBXFileReference; fileEncoding = 4; lastKnownFileType = sourcecode.c.c; name = ltablib.c; path = ../lua/src/ltablib.c; sourceTree = "<group>"; };
		E318CB242192276F003245B4 /* lparser.c */ = {isa = PBXFileReference; fileEncoding = 4; lastKnownFileType = sourcecode.c.c; name = lparser.c; path = ../lua/src/lparser.c; sourceTree = "<group>"; };
		E318CB252192276F003245B4 /* lfunc.h */ = {isa = PBXFileReference; fileEncoding = 4; lastKnownFileType = sourcecode.c.h; name = lfunc.h; path = ../lua/src/lfunc.h; sourceTree = "<group>"; };
		E318CB262192276F003245B4 /* llimits.h */ = {isa = PBXFileReference; fileEncoding = 4; lastKnownFileType = sourcecode.c.h; name = llimits.h; path = ../lua/src/llimits.h; sourceTree = "<group>"; };
		E318CB272192276F003245B4 /* lmem.h */ = {isa = PBXFileReference; fileEncoding = 4; lastKnownFileType = sourcecode.c.h; name = lmem.h; path = ../lua/src/lmem.h; sourceTree = "<group>"; };
		E387F18F2184BEC400C2842F /* res */ = {isa = PBXFileReference; lastKnownFileType = folder; name = res; path = ../res; sourceTree = "<group>"; };
		ED545A7B1B68A1F400C3958E /* libiconv.dylib */ = {isa = PBXFileReference; lastKnownFileType = "compiled.mach-o.dylib"; name = libiconv.dylib; path = Platforms/iPhoneOS.platform/Developer/SDKs/iPhoneOS.sdk/usr/lib/libiconv.dylib; sourceTree = DEVELOPER_DIR; };
		ED545A7D1B68A1FA00C3958E /* libiconv.dylib */ = {isa = PBXFileReference; lastKnownFileType = "compiled.mach-o.dylib"; name = libiconv.dylib; path = usr/lib/libiconv.dylib; sourceTree = SDKROOT; };
		F5126DF421C8EB7700C03004 /* Reachability.m */ = {isa = PBXFileReference; fileEncoding = 4; lastKnownFileType = sourcecode.c.objc; path = Reachability.m; sourceTree = "<group>"; };
		F5126DF621C8EB7700C03004 /* Reachability.h */ = {isa = PBXFileReference; fileEncoding = 4; lastKnownFileType = sourcecode.c.h; path = Reachability.h; sourceTree = "<group>"; };
		F5126DF821C8EE3C00C03004 /* SystemConfiguration.framework */ = {isa = PBXFileReference; lastKnownFileType = wrapper.framework; name = SystemConfiguration.framework; path = Platforms/iPhoneOS.platform/Developer/SDKs/iPhoneOS12.1.sdk/System/Library/Frameworks/SystemConfiguration.framework; sourceTree = DEVELOPER_DIR; };
		F533491C2184642F005E9755 /* xx_dict.h */ = {isa = PBXFileReference; fileEncoding = 4; lastKnownFileType = sourcecode.c.h; path = xx_dict.h; sourceTree = "<group>"; };
		F533491D2184642F005E9755 /* xx_uv.h */ = {isa = PBXFileReference; fileEncoding = 4; lastKnownFileType = sourcecode.c.h; path = xx_uv.h; sourceTree = "<group>"; };
		F533491E2184642F005E9755 /* xx_guid.hpp */ = {isa = PBXFileReference; fileEncoding = 4; lastKnownFileType = sourcecode.cpp.h; path = xx_guid.hpp; sourceTree = "<group>"; };
		F533491F2184642F005E9755 /* xx_list.h */ = {isa = PBXFileReference; fileEncoding = 4; lastKnownFileType = sourcecode.c.h; path = xx_list.h; sourceTree = "<group>"; };
		F53349202184642F005E9755 /* xx_hashutils.hpp */ = {isa = PBXFileReference; fileEncoding = 4; lastKnownFileType = sourcecode.cpp.h; path = xx_hashutils.hpp; sourceTree = "<group>"; };
		F53349212184642F005E9755 /* xx_queue.hpp */ = {isa = PBXFileReference; fileEncoding = 4; lastKnownFileType = sourcecode.cpp.h; path = xx_queue.hpp; sourceTree = "<group>"; };
		F53349222184642F005E9755 /* xx_dictex.h */ = {isa = PBXFileReference; fileEncoding = 4; lastKnownFileType = sourcecode.c.h; path = xx_dictex.h; sourceTree = "<group>"; };
		F53349232184642F005E9755 /* xx_bytesutils.hpp */ = {isa = PBXFileReference; fileEncoding = 4; lastKnownFileType = sourcecode.cpp.h; path = xx_bytesutils.hpp; sourceTree = "<group>"; };
		F53349242184642F005E9755 /* xx_bytesutils.h */ = {isa = PBXFileReference; fileEncoding = 4; lastKnownFileType = sourcecode.c.h; path = xx_bytesutils.h; sourceTree = "<group>"; };
		F53349262184642F005E9755 /* http_parser.h */ = {isa = PBXFileReference; fileEncoding = 4; lastKnownFileType = sourcecode.c.h; path = http_parser.h; sourceTree = "<group>"; };
		F53349272184642F005E9755 /* xx_uv.cpp */ = {isa = PBXFileReference; fileEncoding = 4; lastKnownFileType = sourcecode.cpp.cpp; path = xx_uv.cpp; sourceTree = "<group>"; };
		F53349282184642F005E9755 /* xx_pos.h */ = {isa = PBXFileReference; fileEncoding = 4; lastKnownFileType = sourcecode.c.h; path = xx_pos.h; sourceTree = "<group>"; };
		F53349292184642F005E9755 /* xx_hashutils.h */ = {isa = PBXFileReference; fileEncoding = 4; lastKnownFileType = sourcecode.c.h; path = xx_hashutils.h; sourceTree = "<group>"; };
		F533492A2184642F005E9755 /* xx_bbuffer.hpp */ = {isa = PBXFileReference; fileEncoding = 4; lastKnownFileType = sourcecode.cpp.h; path = xx_bbuffer.hpp; sourceTree = "<group>"; };
		F533492B2184642F005E9755 /* xx_charsutils.h */ = {isa = PBXFileReference; fileEncoding = 4; lastKnownFileType = sourcecode.c.h; path = xx_charsutils.h; sourceTree = "<group>"; };
		F533492C2184642F005E9755 /* xx_list.hpp */ = {isa = PBXFileReference; fileEncoding = 4; lastKnownFileType = sourcecode.cpp.h; path = xx_list.hpp; sourceTree = "<group>"; };
		F533492D2184642F005E9755 /* xx_bbuffer.h */ = {isa = PBXFileReference; fileEncoding = 4; lastKnownFileType = sourcecode.c.h; path = xx_bbuffer.h; sourceTree = "<group>"; };
		F533492E2184642F005E9755 /* xx_mempool.hpp */ = {isa = PBXFileReference; fileEncoding = 4; lastKnownFileType = sourcecode.cpp.h; path = xx_mempool.hpp; sourceTree = "<group>"; };
		F533492F2184642F005E9755 /* xx_random.hpp */ = {isa = PBXFileReference; fileEncoding = 4; lastKnownFileType = sourcecode.cpp.h; path = xx_random.hpp; sourceTree = "<group>"; };
		F53349302184642F005E9755 /* xx_mempool.h */ = {isa = PBXFileReference; fileEncoding = 4; lastKnownFileType = sourcecode.c.h; path = xx_mempool.h; sourceTree = "<group>"; };
		F53349312184642F005E9755 /* xx_uv.hpp */ = {isa = PBXFileReference; fileEncoding = 4; lastKnownFileType = sourcecode.cpp.h; path = xx_uv.hpp; sourceTree = "<group>"; };
		F53349322184642F005E9755 /* xx_string.hpp */ = {isa = PBXFileReference; fileEncoding = 4; lastKnownFileType = sourcecode.cpp.h; path = xx_string.hpp; sourceTree = "<group>"; };
		F53349332184642F005E9755 /* xx_sqlite.h */ = {isa = PBXFileReference; fileEncoding = 4; lastKnownFileType = sourcecode.c.h; path = xx_sqlite.h; sourceTree = "<group>"; };
		F53349342184642F005E9755 /* xx_charsutils.hpp */ = {isa = PBXFileReference; fileEncoding = 4; lastKnownFileType = sourcecode.cpp.h; path = xx_charsutils.hpp; sourceTree = "<group>"; };
		F53349352184642F005E9755 /* ikcp.h */ = {isa = PBXFileReference; fileEncoding = 4; lastKnownFileType = sourcecode.c.h; path = ikcp.h; sourceTree = "<group>"; };
		F53349362184642F005E9755 /* xx_dict.hpp */ = {isa = PBXFileReference; fileEncoding = 4; lastKnownFileType = sourcecode.cpp.h; path = xx_dict.hpp; sourceTree = "<group>"; };
		F53349372184642F005E9755 /* xx_logger.h */ = {isa = PBXFileReference; fileEncoding = 4; lastKnownFileType = sourcecode.c.h; path = xx_logger.h; sourceTree = "<group>"; };
		F53349382184642F005E9755 /* xx_queue.h */ = {isa = PBXFileReference; fileEncoding = 4; lastKnownFileType = sourcecode.c.h; path = xx_queue.h; sourceTree = "<group>"; };
		F53349392184642F005E9755 /* xx_guid.h */ = {isa = PBXFileReference; fileEncoding = 4; lastKnownFileType = sourcecode.c.h; path = xx_guid.h; sourceTree = "<group>"; };
		F533493A2184642F005E9755 /* http_parser.c */ = {isa = PBXFileReference; fileEncoding = 4; lastKnownFileType = sourcecode.c.c; path = http_parser.c; sourceTree = "<group>"; };
		F533493B2184642F005E9755 /* ikcp.cpp */ = {isa = PBXFileReference; fileEncoding = 4; lastKnownFileType = sourcecode.cpp.cpp; path = ikcp.cpp; sourceTree = "<group>"; };
		F533493C2184642F005E9755 /* xx_hashset.hpp */ = {isa = PBXFileReference; fileEncoding = 4; lastKnownFileType = sourcecode.cpp.h; path = xx_hashset.hpp; sourceTree = "<group>"; };
		F533493D2184642F005E9755 /* xx_string.h */ = {isa = PBXFileReference; fileEncoding = 4; lastKnownFileType = sourcecode.c.h; path = xx_string.h; sourceTree = "<group>"; };
		F533493E2184642F005E9755 /* xx_hashset.h */ = {isa = PBXFileReference; fileEncoding = 4; lastKnownFileType = sourcecode.c.h; path = xx_hashset.h; sourceTree = "<group>"; };
		F533493F2184642F005E9755 /* xx_random.h */ = {isa = PBXFileReference; fileEncoding = 4; lastKnownFileType = sourcecode.c.h; path = xx_random.h; sourceTree = "<group>"; };
		F53349402184642F005E9755 /* fixed_function.hpp */ = {isa = PBXFileReference; fileEncoding = 4; lastKnownFileType = sourcecode.cpp.h; path = fixed_function.hpp; sourceTree = "<group>"; };
		F53349412184642F005E9755 /* xx.h */ = {isa = PBXFileReference; fileEncoding = 4; lastKnownFileType = sourcecode.c.h; path = xx.h; sourceTree = "<group>"; };
/* End PBXFileReference section */

/* Begin PBXFrameworksBuildPhase section */
		1D60588F0D05DD3D006BFB54 /* Frameworks */ = {
			isa = PBXFrameworksBuildPhase;
			buildActionMask = 2147483647;
			files = (
				F5126DF921C8EE3C00C03004 /* SystemConfiguration.framework in Frameworks */,
				294D0D641D0D56D500F7F5D4 /* CoreText.framework in Frameworks */,
				ED545A7C1B68A1F400C3958E /* libiconv.dylib in Frameworks */,
				52B47A471A53D09C004E4C60 /* Security.framework in Frameworks */,
				1AC6FB30180E99EB004C840B /* libcocos2d iOS.a in Frameworks */,
				D6B0611B1803AB670077942B /* CoreMotion.framework in Frameworks */,
				1D60589F0D05DD5A006BFB54 /* Foundation.framework in Frameworks */,
				1DF5F4E00D08C38300B7A737 /* UIKit.framework in Frameworks */,
				288765A50DF7441C002DB57D /* CoreGraphics.framework in Frameworks */,
				BF171245129291EC00B8313A /* OpenGLES.framework in Frameworks */,
				BF1712471292920000B8313A /* libz.dylib in Frameworks */,
				BF1C47F01293687400B63C5D /* QuartzCore.framework in Frameworks */,
				D44C620C132DFF330009C878 /* OpenAL.framework in Frameworks */,
				D44C620E132DFF430009C878 /* AVFoundation.framework in Frameworks */,
				D44C6210132DFF4E0009C878 /* AudioToolbox.framework in Frameworks */,
			);
			runOnlyForDeploymentPostprocessing = 0;
		};
		5087E75C17EB910900C73F5D /* Frameworks */ = {
			isa = PBXFrameworksBuildPhase;
			buildActionMask = 2147483647;
			files = (
				ED545A7E1B68A1FA00C3958E /* libiconv.dylib in Frameworks */,
				1AC6FB21180E996B004C840B /* libcocos2d Mac.a in Frameworks */,
				5087E76717EB910900C73F5D /* libz.dylib in Frameworks */,
				8262943E1AAF051F00CB7CF7 /* Security.framework in Frameworks */,
				503AE11B17EB9C5A00D1A890 /* IOKit.framework in Frameworks */,
				5087E78B17EB975400C73F5D /* OpenGL.framework in Frameworks */,
				5087E78917EB974C00C73F5D /* AppKit.framework in Frameworks */,
				5087E76317EB910900C73F5D /* Foundation.framework in Frameworks */,
				5087E76817EB910900C73F5D /* QuartzCore.framework in Frameworks */,
				5087E76917EB910900C73F5D /* OpenAL.framework in Frameworks */,
				5087E76A17EB910900C73F5D /* AVFoundation.framework in Frameworks */,
				5087E76B17EB910900C73F5D /* AudioToolbox.framework in Frameworks */,
			);
			runOnlyForDeploymentPostprocessing = 0;
		};
/* End PBXFrameworksBuildPhase section */

/* Begin PBXGroup section */
		19C28FACFE9D520D11CA2CBB /* Products */ = {
			isa = PBXGroup;
			children = (
				1D6058910D05DD3D006BFB54 /* cccpp1-mobile.app */,
				5087E76F17EB910900C73F5D /* cccpp1-desktop.app */,
			);
			name = Products;
			sourceTree = "<group>";
		};
		1AC6FAE6180E9839004C840B /* Products */ = {
			isa = PBXGroup;
			children = (
				1AC6FAF9180E9839004C840B /* libcocos2d Mac.a */,
				1AC6FB07180E9839004C840B /* libcocos2d iOS.a */,
				1A7533E31F6F75F6007E8E6F /* libcocos2d tvOS.a */,
			);
			name = Products;
			sourceTree = "<group>";
		};
		1AF87B461F6F77D6007BE51C /* ios */ = {
			isa = PBXGroup;
			children = (
				F5126DF621C8EB7700C03004 /* Reachability.h */,
				F5126DF421C8EB7700C03004 /* Reachability.m */,
				1A88B2631FC3D9C9005C14AE /* Images.xcassets */,
				1AF87B471F6F77D6007BE51C /* AppController.h */,
				1AF87B481F6F77D6007BE51C /* AppController.mm */,
				1AF87B581F6F77D6007BE51C /* Info.plist */,
				1AF87B591F6F77D6007BE51C /* LaunchScreen.storyboard */,
				1AF87B5A1F6F77D6007BE51C /* LaunchScreenBackground.png */,
				1AF87B5B1F6F77D6007BE51C /* main.m */,
				1AF87B5C1F6F77D6007BE51C /* Prefix.pch */,
				1AF87B5D1F6F77D6007BE51C /* RootViewController.h */,
				1AF87B5E1F6F77D6007BE51C /* RootViewController.mm */,
			);
			path = ios;
			sourceTree = "<group>";
		};
		29B97314FDCFA39411CA2CEA /* CustomTemplate */ = {
			isa = PBXGroup;
			children = (
				E318CAEB21922747003245B4 /* lua */,
				E387F18F2184BEC400C2842F /* res */,
				F533491B2184642F005E9755 /* xxlib */,
				46880B8319C43A87006E1F66 /* Classes */,
				1AC6FAE5180E9839004C840B /* cocos2d_libs.xcodeproj */,
				29B97323FDCFA39411CA2CEA /* Frameworks */,
				1AF87B461F6F77D6007BE51C /* ios */,
				503AE10617EB990700D1A890 /* mac */,
				19C28FACFE9D520D11CA2CBB /* Products */,
			);
			name = CustomTemplate;
			sourceTree = "<group>";
		};
		29B97323FDCFA39411CA2CEA /* Frameworks */ = {
			isa = PBXGroup;
			children = (
				F5126DF821C8EE3C00C03004 /* SystemConfiguration.framework */,
				294D0D631D0D56D500F7F5D4 /* CoreText.framework */,
				ED545A7D1B68A1FA00C3958E /* libiconv.dylib */,
				ED545A7B1B68A1F400C3958E /* libiconv.dylib */,
				8262943D1AAF051F00CB7CF7 /* Security.framework */,
				52B47A461A53D09B004E4C60 /* Security.framework */,
				D6B0611A1803AB670077942B /* CoreMotion.framework */,
				503AE11A17EB9C5A00D1A890 /* IOKit.framework */,
				503AE11117EB99EE00D1A890 /* libcurl.dylib */,
				5087E78A17EB975400C73F5D /* OpenGL.framework */,
				5087E78817EB974C00C73F5D /* AppKit.framework */,
				1ACB3243164770DE00914215 /* libcurl.a */,
				BF170DB412928DE900B8313A /* libz.dylib */,
				D44C620F132DFF4E0009C878 /* AudioToolbox.framework */,
				D44C620D132DFF430009C878 /* AVFoundation.framework */,
				288765A40DF7441C002DB57D /* CoreGraphics.framework */,
				1D30AB110D05D00D00671497 /* Foundation.framework */,
				D44C620B132DFF330009C878 /* OpenAL.framework */,
				BF170DB012928DE900B8313A /* OpenGLES.framework */,
				BF1C47EA1293683800B63C5D /* QuartzCore.framework */,
				1DF5F4DF0D08C38300B7A737 /* UIKit.framework */,
			);
			name = Frameworks;
			sourceTree = "<group>";
		};
		46880B8319C43A87006E1F66 /* Classes */ = {
			isa = PBXGroup;
			children = (
				46880B8419C43A87006E1F66 /* AppDelegate.cpp */,
				46880B8519C43A87006E1F66 /* AppDelegate.h */,
			);
			name = Classes;
			path = ../Classes;
			sourceTree = "<group>";
		};
		503AE0F517EB97AB00D1A890 /* Icons */ = {
			isa = PBXGroup;
			children = (
				503AE0F617EB97AB00D1A890 /* Icon.icns */,
				503AE0F717EB97AB00D1A890 /* Info.plist */,
			);
			name = Icons;
			path = mac;
			sourceTree = SOURCE_ROOT;
		};
		503AE10617EB990700D1A890 /* mac */ = {
			isa = PBXGroup;
			children = (
				503AE0F517EB97AB00D1A890 /* Icons */,
				503AE10317EB98FF00D1A890 /* main.cpp */,
				503AE10417EB98FF00D1A890 /* Prefix.pch */,
			);
			name = mac;
			sourceTree = "<group>";
		};
		E318CAEB21922747003245B4 /* lua */ = {
			isa = PBXGroup;
			children = (
				E318CAF92192276B003245B4 /* lapi.c */,
				E318CAF72192276B003245B4 /* lapi.h */,
				E318CB0A2192276C003245B4 /* lauxlib.c */,
				E318CB072192276C003245B4 /* lauxlib.h */,
				E318CB1D2192276E003245B4 /* lbaselib.c */,
				E318CB162192276E003245B4 /* lbitlib.c */,
				E318CB172192276E003245B4 /* lcode.c */,
				E318CB102192276D003245B4 /* lcode.h */,
				E318CB1F2192276F003245B4 /* lcorolib.c */,
				E318CB202192276F003245B4 /* lctype.c */,
				E318CAF42192276B003245B4 /* lctype.h */,
				E318CB1A2192276E003245B4 /* ldblib.c */,
				E318CB002192276C003245B4 /* ldebug.c */,
				E318CB1E2192276E003245B4 /* ldebug.h */,
				E318CB0E2192276D003245B4 /* ldo.c */,
				E318CB0C2192276D003245B4 /* ldo.h */,
				E318CB032192276C003245B4 /* ldump.c */,
				E318CAFE2192276C003245B4 /* lfunc.c */,
				E318CB252192276F003245B4 /* lfunc.h */,
				E318CB212192276F003245B4 /* lgc.c */,
				E318CB0B2192276D003245B4 /* lgc.h */,
				E318CB192192276E003245B4 /* linit.c */,
				E318CB132192276D003245B4 /* liolib.c */,
				E318CB052192276C003245B4 /* llex.c */,
				E318CB042192276C003245B4 /* llex.h */,
				E318CB262192276F003245B4 /* llimits.h */,
				E318CB012192276C003245B4 /* lmathlib.c */,
				E318CAF32192276B003245B4 /* lmem.c */,
				E318CB272192276F003245B4 /* lmem.h */,
				E318CB152192276E003245B4 /* loadlib.c */,
				E318CB0D2192276D003245B4 /* lobject.c */,
				E318CAF62192276B003245B4 /* lobject.h */,
				E318CAFD2192276B003245B4 /* lopcodes.c */,
				E318CB082192276C003245B4 /* lopcodes.h */,
				E318CAF12192276B003245B4 /* loslib.c */,
				E318CB242192276F003245B4 /* lparser.c */,
				E318CAF82192276B003245B4 /* lparser.h */,
				E318CB182192276E003245B4 /* lprefix.h */,
				E318CB142192276D003245B4 /* lstate.c */,
				E318CB222192276F003245B4 /* lstate.h */,
				E318CAFB2192276B003245B4 /* lstring.c */,
				E318CAFF2192276C003245B4 /* lstring.h */,
				E318CAEE2192276B003245B4 /* lstrlib.c */,
				E318CAEF2192276B003245B4 /* ltable.c */,
				E318CAFA2192276B003245B4 /* ltable.h */,
				E318CB232192276F003245B4 /* ltablib.c */,
				E318CAED2192276B003245B4 /* ltm.c */,
				E318CB092192276C003245B4 /* ltm.h */,
				E318CAF02192276B003245B4 /* lua.h */,
				E318CAF52192276B003245B4 /* lua.hpp */,
				E318CB1B2192276E003245B4 /* luaconf.h */,
				E318CAF22192276B003245B4 /* lualib.h */,
				E318CB122192276D003245B4 /* lundump.c */,
				E318CB1C2192276E003245B4 /* lundump.h */,
				E318CB112192276D003245B4 /* lutf8lib.c */,
				E318CAFC2192276B003245B4 /* lvm.c */,
				E318CB022192276C003245B4 /* lvm.h */,
				E318CB0F2192276D003245B4 /* lzio.c */,
				E318CB062192276C003245B4 /* lzio.h */,
			);
			name = lua;
			sourceTree = "<group>";
		};
		F533491B2184642F005E9755 /* xxlib */ = {
			isa = PBXGroup;
			children = (
				F533491C2184642F005E9755 /* xx_dict.h */,
				F533491D2184642F005E9755 /* xx_uv.h */,
				F533491E2184642F005E9755 /* xx_guid.hpp */,
				F533491F2184642F005E9755 /* xx_list.h */,
				F53349202184642F005E9755 /* xx_hashutils.hpp */,
				F53349212184642F005E9755 /* xx_queue.hpp */,
				F53349222184642F005E9755 /* xx_dictex.h */,
				F53349232184642F005E9755 /* xx_bytesutils.hpp */,
				F53349242184642F005E9755 /* xx_bytesutils.h */,
				F53349262184642F005E9755 /* http_parser.h */,
				F53349272184642F005E9755 /* xx_uv.cpp */,
				F53349282184642F005E9755 /* xx_pos.h */,
				F53349292184642F005E9755 /* xx_hashutils.h */,
				F533492A2184642F005E9755 /* xx_bbuffer.hpp */,
				F533492B2184642F005E9755 /* xx_charsutils.h */,
				F533492C2184642F005E9755 /* xx_list.hpp */,
				F533492D2184642F005E9755 /* xx_bbuffer.h */,
				F533492E2184642F005E9755 /* xx_mempool.hpp */,
				F533492F2184642F005E9755 /* xx_random.hpp */,
				F53349302184642F005E9755 /* xx_mempool.h */,
				F53349312184642F005E9755 /* xx_uv.hpp */,
				F53349322184642F005E9755 /* xx_string.hpp */,
				F53349332184642F005E9755 /* xx_sqlite.h */,
				F53349342184642F005E9755 /* xx_charsutils.hpp */,
				F53349352184642F005E9755 /* ikcp.h */,
				F53349362184642F005E9755 /* xx_dict.hpp */,
				F53349372184642F005E9755 /* xx_logger.h */,
				F53349382184642F005E9755 /* xx_queue.h */,
				F53349392184642F005E9755 /* xx_guid.h */,
				F533493A2184642F005E9755 /* http_parser.c */,
				F533493B2184642F005E9755 /* ikcp.cpp */,
				F533493C2184642F005E9755 /* xx_hashset.hpp */,
				F533493D2184642F005E9755 /* xx_string.h */,
				F533493E2184642F005E9755 /* xx_hashset.h */,
				F533493F2184642F005E9755 /* xx_random.h */,
				F53349402184642F005E9755 /* fixed_function.hpp */,
				F53349412184642F005E9755 /* xx.h */,
			);
			name = xxlib;
			path = ../xxlib;
			sourceTree = "<group>";
		};
/* End PBXGroup section */

/* Begin PBXNativeTarget section */
		1D6058900D05DD3D006BFB54 /* cccpp1-mobile */ = {
			isa = PBXNativeTarget;
			buildConfigurationList = 1D6058960D05DD3E006BFB54 /* Build configuration list for PBXNativeTarget "cccpp1-mobile" */;
			buildPhases = (
				1D60588D0D05DD3D006BFB54 /* Resources */,
				1D60588E0D05DD3D006BFB54 /* Sources */,
				1D60588F0D05DD3D006BFB54 /* Frameworks */,
				E387F1932184CFE500C2842F /* ShellScript */,
			);
			buildRules = (
			);
			dependencies = (
				1AC6FB25180E99E1004C840B /* PBXTargetDependency */,
			);
			name = "cccpp1-mobile";
			productName = iphone;
			productReference = 1D6058910D05DD3D006BFB54 /* cccpp1-mobile.app */;
			productType = "com.apple.product-type.application";
		};
		5087E73D17EB910900C73F5D /* cccpp1-desktop */ = {
			isa = PBXNativeTarget;
			buildConfigurationList = 5087E76C17EB910900C73F5D /* Build configuration list for PBXNativeTarget "cccpp1-desktop" */;
			buildPhases = (
				5087E74817EB910900C73F5D /* Resources */,
				5087E75617EB910900C73F5D /* Sources */,
				5087E75C17EB910900C73F5D /* Frameworks */,
			);
			buildRules = (
			);
			dependencies = (
				1AC6FB16180E9959004C840B /* PBXTargetDependency */,
			);
			name = "cccpp1-desktop";
			productName = iphone;
			productReference = 5087E76F17EB910900C73F5D /* cccpp1-desktop.app */;
			productType = "com.apple.product-type.application";
		};
/* End PBXNativeTarget section */

/* Begin PBXProject section */
		29B97313FDCFA39411CA2CEA /* Project object */ = {
			isa = PBXProject;
			attributes = {
				LastUpgradeCheck = 0500;
				TargetAttributes = {
					1D6058900D05DD3D006BFB54 = {
						DevelopmentTeam = NPNDP84QF9;
					};
				};
			};
			buildConfigurationList = C01FCF4E08A954540054247B /* Build configuration list for PBXProject "cccpp1" */;
			compatibilityVersion = "Xcode 3.2";
			developmentRegion = English;
			hasScannedForEncodings = 1;
			knownRegions = (
				English,
				Japanese,
				French,
				German,
			);
			mainGroup = 29B97314FDCFA39411CA2CEA /* CustomTemplate */;
			projectDirPath = "";
			projectReferences = (
				{
					ProductGroup = 1AC6FAE6180E9839004C840B /* Products */;
					ProjectRef = 1AC6FAE5180E9839004C840B /* cocos2d_libs.xcodeproj */;
				},
			);
			projectRoot = "";
			targets = (
				1D6058900D05DD3D006BFB54 /* cccpp1-mobile */,
				5087E73D17EB910900C73F5D /* cccpp1-desktop */,
			);
		};
/* End PBXProject section */

/* Begin PBXReferenceProxy section */
		1A7533E31F6F75F6007E8E6F /* libcocos2d tvOS.a */ = {
			isa = PBXReferenceProxy;
			fileType = archive.ar;
			path = "libcocos2d tvOS.a";
			remoteRef = 1A7533E21F6F75F6007E8E6F /* PBXContainerItemProxy */;
			sourceTree = BUILT_PRODUCTS_DIR;
		};
		1AC6FAF9180E9839004C840B /* libcocos2d Mac.a */ = {
			isa = PBXReferenceProxy;
			fileType = archive.ar;
			path = "libcocos2d Mac.a";
			remoteRef = 1AC6FAF8180E9839004C840B /* PBXContainerItemProxy */;
			sourceTree = BUILT_PRODUCTS_DIR;
		};
		1AC6FB07180E9839004C840B /* libcocos2d iOS.a */ = {
			isa = PBXReferenceProxy;
			fileType = archive.ar;
			path = "libcocos2d iOS.a";
			remoteRef = 1AC6FB06180E9839004C840B /* PBXContainerItemProxy */;
			sourceTree = BUILT_PRODUCTS_DIR;
		};
/* End PBXReferenceProxy section */

/* Begin PBXResourcesBuildPhase section */
		1D60588D0D05DD3D006BFB54 /* Resources */ = {
			isa = PBXResourcesBuildPhase;
			buildActionMask = 2147483647;
			files = (
				1A88B2641FC3D9C9005C14AE /* Images.xcassets in Resources */,
				E387F1902184BEC400C2842F /* res in Resources */,
				1AF87B891F6F781D007BE51C /* LaunchScreenBackground.png in Resources */,
				1AF87B881F6F781D007BE51C /* LaunchScreen.storyboard in Resources */,
			);
			runOnlyForDeploymentPostprocessing = 0;
		};
		5087E74817EB910900C73F5D /* Resources */ = {
			isa = PBXResourcesBuildPhase;
			buildActionMask = 2147483647;
			files = (
				503AE0F817EB97AB00D1A890 /* Icon.icns in Resources */,
				E387F1912184BEC400C2842F /* res in Resources */,
			);
			runOnlyForDeploymentPostprocessing = 0;
		};
/* End PBXResourcesBuildPhase section */

/* Begin PBXShellScriptBuildPhase section */
		E387F1932184CFE500C2842F /* ShellScript */ = {
			isa = PBXShellScriptBuildPhase;
			buildActionMask = 2147483647;
			files = (
			);
			inputFileListPaths = (
			);
			inputPaths = (
			);
			outputFileListPaths = (
			);
			outputPaths = (
			);
			runOnlyForDeploymentPostprocessing = 0;
			shellPath = /bin/sh;
			shellScript = "find ${SRCROOT}/../res/ -name \"*\" -exec touch -cm {} \\;\n";
		};
/* End PBXShellScriptBuildPhase section */

/* Begin PBXSourcesBuildPhase section */
		1D60588E0D05DD3D006BFB54 /* Sources */ = {
			isa = PBXSourcesBuildPhase;
			buildActionMask = 2147483647;
			files = (
				E318CB322192276F003245B4 /* lapi.c in Sources */,
				F53349452184642F005E9755 /* xx_uv.cpp in Sources */,
				E318CB5C2192276F003245B4 /* ldblib.c in Sources */,
				E318CB3A2192276F003245B4 /* lfunc.c in Sources */,
				E318CB4C2192276F003245B4 /* lutf8lib.c in Sources */,
				E318CB2C2192276F003245B4 /* ltable.c in Sources */,
				1AF87B781F6F77F7007BE51C /* AppController.mm in Sources */,
				E318CB522192276F003245B4 /* lstate.c in Sources */,
				E318CB622192276F003245B4 /* lctype.c in Sources */,
				E318CB542192276F003245B4 /* loadlib.c in Sources */,
				E318CB382192276F003245B4 /* lopcodes.c in Sources */,
				E318CB422192276F003245B4 /* llex.c in Sources */,
				E318CB5E2192276F003245B4 /* lbaselib.c in Sources */,
				1AF87B8B1F6F782A007BE51C /* RootViewController.mm in Sources */,
				E318CB462192276F003245B4 /* lobject.c in Sources */,
				E318CB342192276F003245B4 /* lstring.c in Sources */,
				E318CB642192276F003245B4 /* lgc.c in Sources */,
				E318CB282192276F003245B4 /* ltm.c in Sources */,
				E318CB2A2192276F003245B4 /* lstrlib.c in Sources */,
				E318CB682192276F003245B4 /* lparser.c in Sources */,
				E318CB4E2192276F003245B4 /* lundump.c in Sources */,
				E318CB562192276F003245B4 /* lbitlib.c in Sources */,
				E318CB402192276F003245B4 /* ldump.c in Sources */,
				E318CB5A2192276F003245B4 /* linit.c in Sources */,
				46880B8819C43A87006E1F66 /* AppDelegate.cpp in Sources */,
				F53349472184642F005E9755 /* http_parser.c in Sources */,
				F53349492184642F005E9755 /* ikcp.cpp in Sources */,
				1AF87B8A1F6F7822007BE51C /* main.m in Sources */,
				E318CB362192276F003245B4 /* lvm.c in Sources */,
				E318CB442192276F003245B4 /* lauxlib.c in Sources */,
				E318CB3E2192276F003245B4 /* lmathlib.c in Sources */,
				E318CB4A2192276F003245B4 /* lzio.c in Sources */,
				E318CB302192276F003245B4 /* lmem.c in Sources */,
				E318CB502192276F003245B4 /* liolib.c in Sources */,
				E318CB482192276F003245B4 /* ldo.c in Sources */,
				E318CB662192276F003245B4 /* ltablib.c in Sources */,
				E318CB3C2192276F003245B4 /* ldebug.c in Sources */,
				E318CB602192276F003245B4 /* lcorolib.c in Sources */,
				E318CB2E2192276F003245B4 /* loslib.c in Sources */,
				F5126DF721C8EB7700C03004 /* Reachability.m in Sources */,
				E318CB582192276F003245B4 /* lcode.c in Sources */,
			);
			runOnlyForDeploymentPostprocessing = 0;
		};
		5087E75617EB910900C73F5D /* Sources */ = {
			isa = PBXSourcesBuildPhase;
			buildActionMask = 2147483647;
			files = (
				E318CB632192276F003245B4 /* lctype.c in Sources */,
				E318CB3B2192276F003245B4 /* lfunc.c in Sources */,
				E318CB472192276F003245B4 /* lobject.c in Sources */,
				E318CB5D2192276F003245B4 /* ldblib.c in Sources */,
				E318CB512192276F003245B4 /* liolib.c in Sources */,
				E318CB312192276F003245B4 /* lmem.c in Sources */,
				E318CB5F2192276F003245B4 /* lbaselib.c in Sources */,
				E318CB352192276F003245B4 /* lstring.c in Sources */,
				E318CB452192276F003245B4 /* lauxlib.c in Sources */,
				E318CB2F2192276F003245B4 /* loslib.c in Sources */,
				E318CB3F2192276F003245B4 /* lmathlib.c in Sources */,
				46880B8919C43A87006E1F66 /* AppDelegate.cpp in Sources */,
				E318CB592192276F003245B4 /* lcode.c in Sources */,
				E318CB552192276F003245B4 /* loadlib.c in Sources */,
				E318CB4F2192276F003245B4 /* lundump.c in Sources */,
				E318CB2B2192276F003245B4 /* lstrlib.c in Sources */,
				E318CB332192276F003245B4 /* lapi.c in Sources */,
				E318CB4B2192276F003245B4 /* lzio.c in Sources */,
				503AE10517EB98FF00D1A890 /* main.cpp in Sources */,
				E318CB532192276F003245B4 /* lstate.c in Sources */,
				E318CB492192276F003245B4 /* ldo.c in Sources */,
				E318CB4D2192276F003245B4 /* lutf8lib.c in Sources */,
				E318CB672192276F003245B4 /* ltablib.c in Sources */,
				F53349482184642F005E9755 /* http_parser.c in Sources */,
				E318CB372192276F003245B4 /* lvm.c in Sources */,
				E318CB692192276F003245B4 /* lparser.c in Sources */,
				E318CB652192276F003245B4 /* lgc.c in Sources */,
				E318CB432192276F003245B4 /* llex.c in Sources */,
				E318CB292192276F003245B4 /* ltm.c in Sources */,
				E318CB412192276F003245B4 /* ldump.c in Sources */,
				E318CB2D2192276F003245B4 /* ltable.c in Sources */,
				E318CB612192276F003245B4 /* lcorolib.c in Sources */,
				E318CB5B2192276F003245B4 /* linit.c in Sources */,
				E318CB3D2192276F003245B4 /* ldebug.c in Sources */,
				E318CB572192276F003245B4 /* lbitlib.c in Sources */,
				F533494A2184642F005E9755 /* ikcp.cpp in Sources */,
				E318CB392192276F003245B4 /* lopcodes.c in Sources */,
				F53349462184642F005E9755 /* xx_uv.cpp in Sources */,
			);
			runOnlyForDeploymentPostprocessing = 0;
		};
/* End PBXSourcesBuildPhase section */

/* Begin PBXTargetDependency section */
		1AC6FB16180E9959004C840B /* PBXTargetDependency */ = {
			isa = PBXTargetDependency;
			name = "cocos2dx Mac";
			targetProxy = 1AC6FB15180E9959004C840B /* PBXContainerItemProxy */;
		};
		1AC6FB25180E99E1004C840B /* PBXTargetDependency */ = {
			isa = PBXTargetDependency;
			name = "cocos2dx iOS";
			targetProxy = 1AC6FB24180E99E1004C840B /* PBXContainerItemProxy */;
		};
/* End PBXTargetDependency section */

/* Begin XCBuildConfiguration section */
		1D6058940D05DD3E006BFB54 /* Debug */ = {
			isa = XCBuildConfiguration;
			buildSettings = {
				ALWAYS_SEARCH_USER_PATHS = YES;
				ASSETCATALOG_COMPILER_APPICON_NAME = AppIcon;
				CODE_SIGN_IDENTITY = "iPhone Developer";
				COMPRESS_PNG_FILES = NO;
				DEVELOPMENT_TEAM = NPNDP84QF9;
				ENABLE_BITCODE = NO;
				GCC_DYNAMIC_NO_PIC = NO;
				GCC_INLINES_ARE_PRIVATE_EXTERN = NO;
				GCC_PRECOMPILE_PREFIX_HEADER = YES;
				GCC_PREFIX_HEADER = ios/Prefix.pch;
				GCC_PREPROCESSOR_DEFINITIONS = (
					USE_FILE32API,
					"COCOS2D_DEBUG=1",
					"CC_ENABLE_CHIPMUNK_INTEGRATION=1",
				);
				GCC_SYMBOLS_PRIVATE_EXTERN = NO;
				HEADER_SEARCH_PATHS = "$(inherited)";
				INFOPLIST_FILE = ios/Info.plist;
				IPHONEOS_DEPLOYMENT_TARGET = 6.0;
				LIBRARY_SEARCH_PATHS = "";
				OTHER_LDFLAGS = (
					"$(_COCOS_LIB_IOS_BEGIN)",
					"$(_COCOS_LIB_IOS_END)",
				);
				PRODUCT_BUNDLE_IDENTIFIER = net.denghe.cpp1;
				SDKROOT = iphoneos;
				STRIP_PNG_TEXT = NO;
				TARGETED_DEVICE_FAMILY = "1,2";
				USER_HEADER_SEARCH_PATHS = "$(_COCOS_HEADER_IOS_BEGIN) $(_COCOS_HEADER_IOS_END)";
				VALID_ARCHS = "arm64 armv7";
			};
			name = Debug;
		};
		1D6058950D05DD3E006BFB54 /* Release */ = {
			isa = XCBuildConfiguration;
			buildSettings = {
				ALWAYS_SEARCH_USER_PATHS = YES;
				ASSETCATALOG_COMPILER_APPICON_NAME = AppIcon;
				CODE_SIGN_IDENTITY = "iPhone Developer";
				COMPRESS_PNG_FILES = NO;
				DEVELOPMENT_TEAM = NPNDP84QF9;
				ENABLE_BITCODE = NO;
				GCC_INLINES_ARE_PRIVATE_EXTERN = NO;
				GCC_PRECOMPILE_PREFIX_HEADER = YES;
				GCC_PREFIX_HEADER = ios/Prefix.pch;
				GCC_PREPROCESSOR_DEFINITIONS = (
					USE_FILE32API,
					"CC_ENABLE_CHIPMUNK_INTEGRATION=1",
					NDEBUG,
				);
				GCC_SYMBOLS_PRIVATE_EXTERN = NO;
				HEADER_SEARCH_PATHS = "$(inherited)";
				INFOPLIST_FILE = ios/Info.plist;
				IPHONEOS_DEPLOYMENT_TARGET = 6.0;
				LIBRARY_SEARCH_PATHS = "";
				OTHER_LDFLAGS = (
					"$(_COCOS_LIB_IOS_BEGIN)",
					"$(_COCOS_LIB_IOS_END)",
				);
				PRODUCT_BUNDLE_IDENTIFIER = net.denghe.cpp1;
				SDKROOT = iphoneos;
				STRIP_PNG_TEXT = NO;
				TARGETED_DEVICE_FAMILY = "1,2";
				USER_HEADER_SEARCH_PATHS = "$(_COCOS_HEADER_IOS_BEGIN) $(_COCOS_HEADER_IOS_END)";
				VALID_ARCHS = "arm64 armv7";
			};
			name = Release;
		};
		5087E76D17EB910900C73F5D /* Debug */ = {
			isa = XCBuildConfiguration;
			buildSettings = {
				ALWAYS_SEARCH_USER_PATHS = YES;
				ARCHS = "$(ARCHS_STANDARD_64_BIT)";
				CLANG_CXX_LANGUAGE_STANDARD = "c++0x";
				CLANG_CXX_LIBRARY = "libc++";
				GCC_DYNAMIC_NO_PIC = NO;
				GCC_INLINES_ARE_PRIVATE_EXTERN = NO;
				GCC_PRECOMPILE_PREFIX_HEADER = YES;
				GCC_PREFIX_HEADER = mac/Prefix.pch;
				GCC_PREPROCESSOR_DEFINITIONS = (
					USE_FILE32API,
					"COCOS2D_DEBUG=1",
					"CC_ENABLE_CHIPMUNK_INTEGRATION=1",
				);
				GCC_SYMBOLS_PRIVATE_EXTERN = NO;
				HEADER_SEARCH_PATHS = (
					"$(inherited)",
					"$(SRCROOT)/../cocos2d/external/glfw3/include/mac",
				);
				INFOPLIST_FILE = mac/Info.plist;
				LIBRARY_SEARCH_PATHS = "";
				OTHER_LDFLAGS = (
					"$(_COCOS_LIB_MAC_BEGIN)",
					"$(_COCOS_LIB_MAC_END)",
				);
				USER_HEADER_SEARCH_PATHS = "$(_COCOS_HEADER_MAC_BEGIN) $(_COCOS_HEADER_MAC_END)";
			};
			name = Debug;
		};
		5087E76E17EB910900C73F5D /* Release */ = {
			isa = XCBuildConfiguration;
			buildSettings = {
				ALWAYS_SEARCH_USER_PATHS = YES;
				ARCHS = "$(ARCHS_STANDARD_64_BIT)";
				CLANG_CXX_LANGUAGE_STANDARD = "c++0x";
				CLANG_CXX_LIBRARY = "libc++";
				GCC_INLINES_ARE_PRIVATE_EXTERN = NO;
				GCC_PRECOMPILE_PREFIX_HEADER = YES;
				GCC_PREFIX_HEADER = mac/Prefix.pch;
				GCC_PREPROCESSOR_DEFINITIONS = (
					USE_FILE32API,
					"CC_ENABLE_CHIPMUNK_INTEGRATION=1",
					NDEBUG,
				);
				GCC_SYMBOLS_PRIVATE_EXTERN = NO;
				HEADER_SEARCH_PATHS = (
					"$(inherited)",
					"$(SRCROOT)/../cocos2d/external/glfw3/include/mac",
				);
				INFOPLIST_FILE = mac/Info.plist;
				LIBRARY_SEARCH_PATHS = "";
				OTHER_LDFLAGS = (
					"$(_COCOS_LIB_MAC_BEGIN)",
					"$(_COCOS_LIB_MAC_END)",
				);
				USER_HEADER_SEARCH_PATHS = "$(_COCOS_HEADER_MAC_BEGIN) $(_COCOS_HEADER_MAC_END)";
			};
			name = Release;
		};
		C01FCF4F08A954540054247B /* Debug */ = {
			isa = XCBuildConfiguration;
			buildSettings = {
				CLANG_CXX_LANGUAGE_STANDARD = "gnu++14";
				CLANG_CXX_LIBRARY = "libc++";
				COPY_PHASE_STRIP = NO;
				GCC_OPTIMIZATION_LEVEL = 0;
				GCC_WARN_ABOUT_RETURN_TYPE = YES;
				GCC_WARN_UNUSED_VARIABLE = YES;
				HEADER_SEARCH_PATHS = (
					"$(SRCROOT)/../cocos2d",
					"$(SRCROOT)/../cocos2d/cocos/audio/include",
					"$(SRCROOT)/../cocos2d/cocos",
					"$(SRCROOT)/../cocos2d/extensions",
					"$(SRCROOT)/../cocos2d/external",
					"$(SRCROOT)/../cocos2d/external/chipmunk/include/chipmunk",
					"$(SRCROOT)/../cocos2d/cocos/editor-support",
					"$(SRCROOT)/../xxlib",
					"$(SRCROOT)/../lua/src",
					"$(SRCROOT)/../cocos2d/external/uv/include",
				);
				IPHONEOS_DEPLOYMENT_TARGET = 6.0;
				MACOSX_DEPLOYMENT_TARGET = 10.7;
				ONLY_ACTIVE_ARCH = YES;
				PRODUCT_NAME = "$(TARGET_NAME)";
				SDKROOT = macosx;
			};
			name = Debug;
		};
		C01FCF5008A954540054247B /* Release */ = {
			isa = XCBuildConfiguration;
			buildSettings = {
				CLANG_CXX_LANGUAGE_STANDARD = "gnu++14";
				CLANG_CXX_LIBRARY = "libc++";
				GCC_WARN_ABOUT_RETURN_TYPE = YES;
				GCC_WARN_UNUSED_VARIABLE = YES;
				HEADER_SEARCH_PATHS = (
					"$(SRCROOT)/../cocos2d",
					"$(SRCROOT)/../cocos2d/cocos/audio/include",
					"$(SRCROOT)/../cocos2d/cocos",
					"$(SRCROOT)/../cocos2d/extensions",
					"$(SRCROOT)/../cocos2d/external",
					"$(SRCROOT)/../cocos2d/external/chipmunk/include/chipmunk",
					"$(SRCROOT)/../cocos2d/cocos/editor-support",
					"$(SRCROOT)/../xxlib",
					"$(SRCROOT)/../lua/src",
					"$(SRCROOT)/../cocos2d/external/uv/include",
				);
				IPHONEOS_DEPLOYMENT_TARGET = 6.0;
				MACOSX_DEPLOYMENT_TARGET = 10.7;
				OTHER_CFLAGS = "-DNS_BLOCK_ASSERTIONS=1";
				PRODUCT_NAME = "$(TARGET_NAME)";
				SDKROOT = macosx;
				VALIDATE_PRODUCT = YES;
			};
			name = Release;
		};
/* End XCBuildConfiguration section */

/* Begin XCConfigurationList section */
		1D6058960D05DD3E006BFB54 /* Build configuration list for PBXNativeTarget "cccpp1-mobile" */ = {
			isa = XCConfigurationList;
			buildConfigurations = (
				1D6058940D05DD3E006BFB54 /* Debug */,
				1D6058950D05DD3E006BFB54 /* Release */,
			);
			defaultConfigurationIsVisible = 0;
			defaultConfigurationName = Debug;
		};
		5087E76C17EB910900C73F5D /* Build configuration list for PBXNativeTarget "cccpp1-desktop" */ = {
			isa = XCConfigurationList;
			buildConfigurations = (
				5087E76D17EB910900C73F5D /* Debug */,
				5087E76E17EB910900C73F5D /* Release */,
			);
			defaultConfigurationIsVisible = 0;
			defaultConfigurationName = Debug;
		};
		C01FCF4E08A954540054247B /* Build configuration list for PBXProject "cccpp1" */ = {
			isa = XCConfigurationList;
			buildConfigurations = (
				C01FCF4F08A954540054247B /* Debug */,
				C01FCF5008A954540054247B /* Release */,
			);
			defaultConfigurationIsVisible = 0;
			defaultConfigurationName = Debug;
		};
/* End XCConfigurationList section */
	};
	rootObject = 29B97313FDCFA39411CA2CEA /* Project object */;
}
