<?xml version="1.0" encoding="utf-8"?>
<Project ToolsVersion="4.0" xmlns="http://schemas.microsoft.com/developer/msbuild/2003">
  <ItemGroup>
    <Filter Include="win32">
      <UniqueIdentifier>{84a8ebd7-7cf0-47f6-b75e-d441df67da40}</UniqueIdentifier>
    </Filter>
    <Filter Include="src">
      <UniqueIdentifier>{bb6c862e-70e9-49d9-81b7-3829a6f50471}</UniqueIdentifier>
    </Filter>
    <Filter Include="xxlib">
      <UniqueIdentifier>{0f00b345-4bdf-475b-acd5-dbd9e313252a}</UniqueIdentifier>
    </Filter>
    <Filter Include="lua">
      <UniqueIdentifier>{a82a1eaa-8fbc-446d-981b-a554fdfe8f16}</UniqueIdentifier>
    </Filter>
    <Filter Include="lua_bind">
      <UniqueIdentifier>{0c6667db-ae2a-4c75-ba92-f1a84992e4ae}</UniqueIdentifier>
    </Filter>
  </ItemGroup>
  <ItemGroup>
    <ClCompile Include="main.cpp">
      <Filter>win32</Filter>
    </ClCompile>
    <ClCompile Include="..\Classes\AppDelegate.cpp">
      <Filter>src</Filter>
    </ClCompile>
    <ClCompile Include="..\lua\src\lapi.c">
      <Filter>lua</Filter>
    </ClCompile>
    <ClCompile Include="..\lua\src\lauxlib.c">
      <Filter>lua</Filter>
    </ClCompile>
    <ClCompile Include="..\lua\src\lbaselib.c">
      <Filter>lua</Filter>
    </ClCompile>
    <ClCompile Include="..\lua\src\lbitlib.c">
      <Filter>lua</Filter>
    </ClCompile>
    <ClCompile Include="..\lua\src\lcode.c">
      <Filter>lua</Filter>
    </ClCompile>
    <ClCompile Include="..\lua\src\lcorolib.c">
      <Filter>lua</Filter>
    </ClCompile>
    <ClCompile Include="..\lua\src\lctype.c">
      <Filter>lua</Filter>
    </ClCompile>
    <ClCompile Include="..\lua\src\ldblib.c">
      <Filter>lua</Filter>
    </ClCompile>
    <ClCompile Include="..\lua\src\ldebug.c">
      <Filter>lua</Filter>
    </ClCompile>
    <ClCompile Include="..\lua\src\ldo.c">
      <Filter>lua</Filter>
    </ClCompile>
    <ClCompile Include="..\lua\src\ldump.c">
      <Filter>lua</Filter>
    </ClCompile>
    <ClCompile Include="..\lua\src\lfunc.c">
      <Filter>lua</Filter>
    </ClCompile>
    <ClCompile Include="..\lua\src\lgc.c">
      <Filter>lua</Filter>
    </ClCompile>
    <ClCompile Include="..\lua\src\linit.c">
      <Filter>lua</Filter>
    </ClCompile>
    <ClCompile Include="..\lua\src\liolib.c">
      <Filter>lua</Filter>
    </ClCompile>
    <ClCompile Include="..\lua\src\llex.c">
      <Filter>lua</Filter>
    </ClCompile>
    <ClCompile Include="..\lua\src\lmathlib.c">
      <Filter>lua</Filter>
    </ClCompile>
    <ClCompile Include="..\lua\src\lmem.c">
      <Filter>lua</Filter>
    </ClCompile>
    <ClCompile Include="..\lua\src\loadlib.c">
      <Filter>lua</Filter>
    </ClCompile>
    <ClCompile Include="..\lua\src\lobject.c">
      <Filter>lua</Filter>
    </ClCompile>
    <ClCompile Include="..\lua\src\lopcodes.c">
      <Filter>lua</Filter>
    </ClCompile>
    <ClCompile Include="..\lua\src\loslib.c">
      <Filter>lua</Filter>
    </ClCompile>
    <ClCompile Include="..\lua\src\lparser.c">
      <Filter>lua</Filter>
    </ClCompile>
    <ClCompile Include="..\lua\src\lstate.c">
      <Filter>lua</Filter>
    </ClCompile>
    <ClCompile Include="..\lua\src\lstring.c">
      <Filter>lua</Filter>
    </ClCompile>
    <ClCompile Include="..\lua\src\lstrlib.c">
      <Filter>lua</Filter>
    </ClCompile>
    <ClCompile Include="..\lua\src\ltable.c">
      <Filter>lua</Filter>
    </ClCompile>
    <ClCompile Include="..\lua\src\ltablib.c">
      <Filter>lua</Filter>
    </ClCompile>
    <ClCompile Include="..\lua\src\ltm.c">
      <Filter>lua</Filter>
    </ClCompile>
    <ClCompile Include="..\lua\src\lundump.c">
      <Filter>lua</Filter>
    </ClCompile>
    <ClCompile Include="..\lua\src\lutf8lib.c">
      <Filter>lua</Filter>
    </ClCompile>
    <ClCompile Include="..\lua\src\lvm.c">
      <Filter>lua</Filter>
    </ClCompile>
    <ClCompile Include="..\lua\src\lzio.c">
      <Filter>lua</Filter>
    </ClCompile>
    <ClCompile Include="..\xxlib\ikcp.c">
      <Filter>xxlib</Filter>
    </ClCompile>
  </ItemGroup>
  <ItemGroup>
    <ClInclude Include="main.h">
      <Filter>win32</Filter>
    </ClInclude>
    <ClInclude Include="..\Classes\AppDelegate.h">
      <Filter>src</Filter>
    </ClInclude>
    <ClInclude Include="..\lua\src\lapi.h">
      <Filter>lua</Filter>
    </ClInclude>
    <ClInclude Include="..\lua\src\lauxlib.h">
      <Filter>lua</Filter>
    </ClInclude>
    <ClInclude Include="..\lua\src\lcode.h">
      <Filter>lua</Filter>
    </ClInclude>
    <ClInclude Include="..\lua\src\lctype.h">
      <Filter>lua</Filter>
    </ClInclude>
    <ClInclude Include="..\lua\src\ldebug.h">
      <Filter>lua</Filter>
    </ClInclude>
    <ClInclude Include="..\lua\src\ldo.h">
      <Filter>lua</Filter>
    </ClInclude>
    <ClInclude Include="..\lua\src\lfunc.h">
      <Filter>lua</Filter>
    </ClInclude>
    <ClInclude Include="..\lua\src\lgc.h">
      <Filter>lua</Filter>
    </ClInclude>
    <ClInclude Include="..\lua\src\llex.h">
      <Filter>lua</Filter>
    </ClInclude>
    <ClInclude Include="..\lua\src\llimits.h">
      <Filter>lua</Filter>
    </ClInclude>
    <ClInclude Include="..\lua\src\lmem.h">
      <Filter>lua</Filter>
    </ClInclude>
    <ClInclude Include="..\lua\src\lobject.h">
      <Filter>lua</Filter>
    </ClInclude>
    <ClInclude Include="..\lua\src\lopcodes.h">
      <Filter>lua</Filter>
    </ClInclude>
    <ClInclude Include="..\lua\src\lparser.h">
      <Filter>lua</Filter>
    </ClInclude>
    <ClInclude Include="..\lua\src\lprefix.h">
      <Filter>lua</Filter>
    </ClInclude>
    <ClInclude Include="..\lua\src\lstate.h">
      <Filter>lua</Filter>
    </ClInclude>
    <ClInclude Include="..\lua\src\lstring.h">
      <Filter>lua</Filter>
    </ClInclude>
    <ClInclude Include="..\lua\src\ltable.h">
      <Filter>lua</Filter>
    </ClInclude>
    <ClInclude Include="..\lua\src\ltm.h">
      <Filter>lua</Filter>
    </ClInclude>
    <ClInclude Include="..\lua\src\lua.h">
      <Filter>lua</Filter>
    </ClInclude>
    <ClInclude Include="..\lua\src\lua.hpp">
      <Filter>lua</Filter>
    </ClInclude>
    <ClInclude Include="..\lua\src\luaconf.h">
      <Filter>lua</Filter>
    </ClInclude>
    <ClInclude Include="..\lua\src\lualib.h">
      <Filter>lua</Filter>
    </ClInclude>
    <ClInclude Include="..\lua\src\lundump.h">
      <Filter>lua</Filter>
    </ClInclude>
    <ClInclude Include="..\lua\src\lvm.h">
      <Filter>lua</Filter>
    </ClInclude>
    <ClInclude Include="..\lua\src\lzio.h">
      <Filter>lua</Filter>
    </ClInclude>
    <ClInclude Include="..\xxlib\xx_bbuffer.h">
      <Filter>xxlib</Filter>
    </ClInclude>
    <ClInclude Include="..\xxlib\xx_coros.h">
      <Filter>xxlib</Filter>
    </ClInclude>
    <ClInclude Include="..\xxlib\xx_dict.h">
      <Filter>xxlib</Filter>
    </ClInclude>
    <ClInclude Include="..\xxlib\xx_list.h">
      <Filter>xxlib</Filter>
    </ClInclude>
    <ClInclude Include="..\xxlib\xx_object.h">
      <Filter>xxlib</Filter>
    </ClInclude>
    <ClInclude Include="..\xxlib\xx_random.h">
      <Filter>xxlib</Filter>
    </ClInclude>
    <ClInclude Include="..\xxlib\xx_uv.h">
      <Filter>xxlib</Filter>
    </ClInclude>
    <ClInclude Include="..\xxlib\xx_uv_coros.h">
      <Filter>xxlib</Filter>
    </ClInclude>
    <ClInclude Include="..\xxlib\fixed_function.hpp">
      <Filter>xxlib</Filter>
    </ClInclude>
    <ClInclude Include="..\xxlib\ikcp.h">
      <Filter>xxlib</Filter>
    </ClInclude>
    <ClInclude Include="..\lua_bind\lua_cc_assetsmanagerex.hpp">
      <Filter>lua_bind</Filter>
    </ClInclude>
    <ClInclude Include="..\lua_bind\lua_cc_clippingnode.hpp">
      <Filter>lua_bind</Filter>
    </ClInclude>
    <ClInclude Include="..\lua_bind\lua_cc_data.hpp">
      <Filter>lua_bind</Filter>
    </ClInclude>
    <ClInclude Include="..\lua_bind\lua_cc_director.hpp">
      <Filter>lua_bind</Filter>
    </ClInclude>
    <ClInclude Include="..\lua_bind\lua_cc_event.hpp">
      <Filter>lua_bind</Filter>
    </ClInclude>
    <ClInclude Include="..\lua_bind\lua_cc_eventdispacher.hpp">
      <Filter>lua_bind</Filter>
    </ClInclude>
    <ClInclude Include="..\lua_bind\lua_cc_eventlisteners.hpp">
      <Filter>lua_bind</Filter>
    </ClInclude>
    <ClInclude Include="..\lua_bind\lua_cc_fileutils.hpp">
      <Filter>lua_bind</Filter>
    </ClInclude>
    <ClInclude Include="..\lua_bind\lua_cc_label.hpp">
      <Filter>lua_bind</Filter>
    </ClInclude>
    <ClInclude Include="..\lua_bind\lua_cc_layer.hpp">
      <Filter>lua_bind</Filter>
    </ClInclude>
    <ClInclude Include="..\lua_bind\lua_cc_node.hpp">
      <Filter>lua_bind</Filter>
    </ClInclude>
    <ClInclude Include="..\lua_bind\lua_cc_ref.hpp">
      <Filter>lua_bind</Filter>
    </ClInclude>
    <ClInclude Include="..\lua_bind\lua_cc_scene.hpp">
      <Filter>lua_bind</Filter>
    </ClInclude>
    <ClInclude Include="..\lua_bind\lua_cc_scrollview.hpp">
      <Filter>lua_bind</Filter>
    </ClInclude>
    <ClInclude Include="..\lua_bind\lua_cc_sprite.hpp">
      <Filter>lua_bind</Filter>
    </ClInclude>
    <ClInclude Include="..\lua_bind\lua_cc_spriteframe.hpp">
      <Filter>lua_bind</Filter>
    </ClInclude>
    <ClInclude Include="..\lua_bind\lua_cc_spriteframecache.hpp">
      <Filter>lua_bind</Filter>
    </ClInclude>
    <ClInclude Include="..\lua_bind\lua_cc_texture.hpp">
      <Filter>lua_bind</Filter>
    </ClInclude>
    <ClInclude Include="..\lua_bind\lua_cc_texturecache.hpp">
      <Filter>lua_bind</Filter>
    </ClInclude>
    <ClInclude Include="..\lua_bind\lua_cc_tmxtiledmap.hpp">
      <Filter>lua_bind</Filter>
    </ClInclude>
    <ClInclude Include="..\lua_bind\lua_cc_touch.hpp">
      <Filter>lua_bind</Filter>
    </ClInclude>
    <ClInclude Include="..\lua_bind\lua_cc_uibutton.hpp">
      <Filter>lua_bind</Filter>
    </ClInclude>
    <ClInclude Include="..\lua_bind\lua_cc_uieditbox.hpp">
      <Filter>lua_bind</Filter>
    </ClInclude>
    <ClInclude Include="..\lua_bind\lua_cc_uiimageview.hpp">
      <Filter>lua_bind</Filter>
    </ClInclude>
    <ClInclude Include="..\lua_bind\lua_cc_uilayout.hpp">
      <Filter>lua_bind</Filter>
    </ClInclude>
    <ClInclude Include="..\lua_bind\lua_cc_uiloadingbar.hpp">
      <Filter>lua_bind</Filter>
    </ClInclude>
    <ClInclude Include="..\lua_bind\lua_cc_uiwidget.hpp">
      <Filter>lua_bind</Filter>
    </ClInclude>
    <ClInclude Include="..\lua_bind\lua_cc_userdefault.hpp">
      <Filter>lua_bind</Filter>
    </ClInclude>
    <ClInclude Include="..\lua_bind\lua_cca.hpp">
      <Filter>lua_bind</Filter>
    </ClInclude>
    <ClInclude Include="..\lua_bind\lua_func.hpp">
      <Filter>lua_bind</Filter>
    </ClInclude>
    <ClInclude Include="..\lua_bind\lua_keys.hpp">
      <Filter>lua_bind</Filter>
    </ClInclude>
    <ClInclude Include="..\lua_bind\lua_new_xxx.hpp">
      <Filter>lua_bind</Filter>
    </ClInclude>
    <ClInclude Include="..\lua_bind\lua_pushcall.hpp">
      <Filter>lua_bind</Filter>
    </ClInclude>
    <ClInclude Include="..\lua_bind\lua_spine.hpp">
      <Filter>lua_bind</Filter>
    </ClInclude>
    <ClInclude Include="..\lua_bind\lua_sys.hpp">
      <Filter>lua_bind</Filter>
    </ClInclude>
    <ClInclude Include="..\lua_bind\lua_to_xxx.hpp">
      <Filter>lua_bind</Filter>
    </ClInclude>
    <ClInclude Include="..\lua_bind\lua_xx.hpp">
      <Filter>lua_bind</Filter>
    </ClInclude>
    <ClInclude Include="..\lua_bind\lua_xx_bbuffer.hpp">
      <Filter>lua_bind</Filter>
    </ClInclude>
    <ClInclude Include="..\lua_bind\lua_xx_uv.hpp">
      <Filter>lua_bind</Filter>
    </ClInclude>
    <ClInclude Include="..\lua_bind\lua_xx_uvresolver.hpp">
      <Filter>lua_bind</Filter>
    </ClInclude>
    <ClInclude Include="..\lua_bind\lua_all.hpp">
      <Filter>lua_bind</Filter>
    </ClInclude>
    <ClInclude Include="..\lua_bind\lua_cc.hpp">
      <Filter>lua_bind</Filter>
    </ClInclude>
    <ClInclude Include="..\lua_bind\lua_cc_actions.hpp">
      <Filter>lua_bind</Filter>
    </ClInclude>
    <ClInclude Include="..\lua_bind\lua_cc_animationcache.hpp">
      <Filter>lua_bind</Filter>
    </ClInclude>
    <ClInclude Include="..\lua_bind\lua_cc_application.hpp">
      <Filter>lua_bind</Filter>
    </ClInclude>
    <ClInclude Include="..\xxlib\xx_uv_lua.h">
      <Filter>xxlib</Filter>
    </ClInclude>
    <ClInclude Include="..\lua_bind\lua_ext.hpp">
      <Filter>lua_bind</Filter>
    </ClInclude>
    <ClInclude Include="..\Classes\CatchFish.h">
      <Filter>src</Filter>
    </ClInclude>
    <ClInclude Include="..\Classes\PKG_class.h">
      <Filter>src</Filter>
    </ClInclude>
    <ClInclude Include="..\xxlib\xx_pos.h">
      <Filter>xxlib</Filter>
    </ClInclude>
    <ClInclude Include="..\Classes\CatchFish.hpp">
      <Filter>src</Filter>
    </ClInclude>
    <ClInclude Include="..\Classes\Dialer.hpp">
      <Filter>src</Filter>
    </ClInclude>
    <ClInclude Include="..\xxlib\xx_random.hpp">
      <Filter>xxlib</Filter>
    </ClInclude>
    <ClInclude Include="..\Classes\Dialer.h">
      <Filter>src</Filter>
    </ClInclude>
    <ClInclude Include="..\Classes\RefHolder.h">
      <Filter>src</Filter>
    </ClInclude>
    <ClInclude Include="..\Classes\Dialer_UpdateCore.hpp">
      <Filter>src</Filter>
    </ClInclude>
    <ClInclude Include="..\Classes\PKG_CatchFish_Configs_Config.h">
      <Filter>src</Filter>
    </ClInclude>
    <ClInclude Include="..\Classes\PKG_CatchFish_Configs_Config.hpp">
      <Filter>src</Filter>
    </ClInclude>
    <ClInclude Include="..\Classes\PKG_CatchFish_Configs_Physics.h">
      <Filter>src</Filter>
    </ClInclude>
    <ClInclude Include="..\Classes\PKG_CatchFish_Configs_Physics.hpp">
      <Filter>src</Filter>
    </ClInclude>
    <ClInclude Include="..\Classes\PKG_CatchFish_Configs_SpriteFrame.h">
      <Filter>src</Filter>
    </ClInclude>
    <ClInclude Include="..\Classes\PKG_CatchFish_Configs_SpriteFrame.hpp">
      <Filter>src</Filter>
    </ClInclude>
    <ClInclude Include="..\Classes\PKG_CatchFish_Fish.h">
      <Filter>src</Filter>
    </ClInclude>
    <ClInclude Include="..\Classes\PKG_CatchFish_Fish.hpp">
      <Filter>src</Filter>
    </ClInclude>
    <ClInclude Include="..\Classes\PKG_CatchFish_Item.h">
      <Filter>src</Filter>
    </ClInclude>
    <ClInclude Include="..\Classes\PKG_CatchFish_Player.h">
      <Filter>src</Filter>
    </ClInclude>
    <ClInclude Include="..\Classes\PKG_CatchFish_Player.hpp">
      <Filter>src</Filter>
    </ClInclude>
    <ClInclude Include="..\Classes\PKG_CatchFish_Scene.h">
      <Filter>src</Filter>
    </ClInclude>
    <ClInclude Include="..\Classes\PKG_CatchFish_Scene.hpp">
      <Filter>src</Filter>
    </ClInclude>
    <ClInclude Include="..\Classes\PKG_CatchFish_Stages_Emitter_RandomFishs.h">
      <Filter>src</Filter>
    </ClInclude>
    <ClInclude Include="..\Classes\PKG_CatchFish_Stages_Emitter_RandomFishs.hpp">
      <Filter>src</Filter>
    </ClInclude>
    <ClInclude Include="..\Classes\PKG_CatchFish_Stages_Emitter_RingFishs.h">
      <Filter>src</Filter>
    </ClInclude>
    <ClInclude Include="..\Classes\PKG_CatchFish_Stages_Emitter_RingFishs.hpp">
      <Filter>src</Filter>
    </ClInclude>
    <ClInclude Include="..\Classes\PKG_CatchFish_Stages_Monitor_KeepBigFish.h">
      <Filter>src</Filter>
    </ClInclude>
    <ClInclude Include="..\Classes\PKG_CatchFish_Stages_Monitor_KeepBigFish.hpp">
      <Filter>src</Filter>
    </ClInclude>
    <ClInclude Include="..\Classes\PKG_CatchFish_Stages_StageElement.h">
      <Filter>src</Filter>
    </ClInclude>
    <ClInclude Include="..\Classes\PKG_CatchFish_WayFish.h">
      <Filter>src</Filter>
    </ClInclude>
    <ClInclude Include="..\Classes\PKG_CatchFish_WayFish.hpp">
      <Filter>src</Filter>
    </ClInclude>
    <ClInclude Include="..\Classes\PKG_CatchFish_Bullet.h">
      <Filter>src</Filter>
    </ClInclude>
    <ClInclude Include="..\Classes\PKG_CatchFish_Bullet.hpp">
      <Filter>src</Filter>
    </ClInclude>
    <ClInclude Include="..\Classes\PKG_CatchFish_Cannon.h">
      <Filter>src</Filter>
    </ClInclude>
    <ClInclude Include="..\Classes\PKG_CatchFish_Cannon.hpp">
      <Filter>src</Filter>
    </ClInclude>
    <ClInclude Include="..\Classes\PKG_CatchFish_Stages_Emitter_CircleFishs.hpp">
      <Filter>src</Filter>
    </ClInclude>
    <ClInclude Include="..\Classes\PKG_CatchFish_Stages_Emitter_CircleFishs.h">
      <Filter>src</Filter>
    </ClInclude>
    <ClInclude Include="..\lua_bind\lua_xx_uvdialer.hpp">
      <Filter>lua_bind</Filter>
    </ClInclude>
    <ClInclude Include="..\lua_bind\lua_xx_uvluapeer.hpp">
      <Filter>lua_bind</Filter>
    </ClInclude>
    <ClInclude Include="..\lua_bind\lua_mempool.h">
      <Filter>lua_bind</Filter>
    </ClInclude>
    <ClInclude Include="..\Classes\PKG_CatchFish_BigFish.h">
      <Filter>src</Filter>
    </ClInclude>
    <ClInclude Include="..\Classes\PKG_CatchFish_BigFish.hpp">
      <Filter>src</Filter>
    </ClInclude>
    <ClInclude Include="..\Classes\PKG_CatchFish_RoundFish.h">
      <Filter>src</Filter>
    </ClInclude>
    <ClInclude Include="..\Classes\PKG_CatchFish_RoundFish.hpp">
      <Filter>src</Filter>
    </ClInclude>
    <ClInclude Include="..\Classes\Dialer_Panel.h">
      <Filter>src</Filter>
    </ClInclude>
    <ClInclude Include="..\Classes\Dialer_Panel.hpp">
      <Filter>src</Filter>
    </ClInclude>
    <ClInclude Include="..\Classes\PKG_class.hpp">
      <Filter>src</Filter>
    </ClInclude>
    <ClInclude Include="..\Classes\PKG_CatchFish_Item.hpp">
      <Filter>src</Filter>
    </ClInclude>
    <ClInclude Include="..\Classes\PKG_CatchFish_Stages_StageElement.hpp">
      <Filter>src</Filter>
    </ClInclude>
  </ItemGroup>
  <ItemGroup>
    <ResourceCompile Include="game.rc">
      <Filter>win32</Filter>
    </ResourceCompile>
  </ItemGroup>
  <ItemGroup>
    <Natvis Include="..\xxlib\lua.natvis">
      <Filter>xxlib</Filter>
    </Natvis>
    <Natvis Include="..\xxlib\xx.natvis">
      <Filter>xxlib</Filter>
    </Natvis>
  </ItemGroup>
</Project>