<?xml version="1.0" encoding="utf-8"?>
<Project ToolsVersion="4.0" xmlns="http://schemas.microsoft.com/developer/msbuild/2003">
  <ItemGroup>
    <Filter Include="win32">
      <UniqueIdentifier>{84a8ebd7-7cf0-47f6-b75e-d441df67da40}</UniqueIdentifier>
    </Filter>
    <Filter Include="src">
      <UniqueIdentifier>{bb6c862e-70e9-49d9-81b7-3829a6f50471}</UniqueIdentifier>
    </Filter>
    <Filter Include="xxlib">
      <UniqueIdentifier>{0f00b345-4bdf-475b-acd5-dbd9e313252a}</UniqueIdentifier>
    </Filter>
    <Filter Include="lua_binds">
      <UniqueIdentifier>{0c6667db-ae2a-4c75-ba92-f1a84992e4ae}</UniqueIdentifier>
    </Filter>
    <Filter Include="lua">
      <UniqueIdentifier>{a82a1eaa-8fbc-446d-981b-a554fdfe8f16}</UniqueIdentifier>
    </Filter>
  </ItemGroup>
  <ItemGroup>
    <ClCompile Include="main.cpp">
      <Filter>win32</Filter>
    </ClCompile>
    <ClCompile Include="..\Classes\AppDelegate.cpp">
      <Filter>src</Filter>
    </ClCompile>
    <ClCompile Include="..\xxlib\http_parser.c">
      <Filter>xxlib</Filter>
    </ClCompile>
    <ClCompile Include="..\xxlib\ikcp.cpp">
      <Filter>xxlib</Filter>
    </ClCompile>
    <ClCompile Include="..\xxlib\xx_uv.cpp">
      <Filter>xxlib</Filter>
    </ClCompile>
    <ClCompile Include="..\lua\src\lapi.c">
      <Filter>lua</Filter>
    </ClCompile>
    <ClCompile Include="..\lua\src\lauxlib.c">
      <Filter>lua</Filter>
    </ClCompile>
    <ClCompile Include="..\lua\src\lbaselib.c">
      <Filter>lua</Filter>
    </ClCompile>
    <ClCompile Include="..\lua\src\lbitlib.c">
      <Filter>lua</Filter>
    </ClCompile>
    <ClCompile Include="..\lua\src\lcode.c">
      <Filter>lua</Filter>
    </ClCompile>
    <ClCompile Include="..\lua\src\lcorolib.c">
      <Filter>lua</Filter>
    </ClCompile>
    <ClCompile Include="..\lua\src\lctype.c">
      <Filter>lua</Filter>
    </ClCompile>
    <ClCompile Include="..\lua\src\ldblib.c">
      <Filter>lua</Filter>
    </ClCompile>
    <ClCompile Include="..\lua\src\ldebug.c">
      <Filter>lua</Filter>
    </ClCompile>
    <ClCompile Include="..\lua\src\ldo.c">
      <Filter>lua</Filter>
    </ClCompile>
    <ClCompile Include="..\lua\src\ldump.c">
      <Filter>lua</Filter>
    </ClCompile>
    <ClCompile Include="..\lua\src\lfunc.c">
      <Filter>lua</Filter>
    </ClCompile>
    <ClCompile Include="..\lua\src\lgc.c">
      <Filter>lua</Filter>
    </ClCompile>
    <ClCompile Include="..\lua\src\linit.c">
      <Filter>lua</Filter>
    </ClCompile>
    <ClCompile Include="..\lua\src\liolib.c">
      <Filter>lua</Filter>
    </ClCompile>
    <ClCompile Include="..\lua\src\llex.c">
      <Filter>lua</Filter>
    </ClCompile>
    <ClCompile Include="..\lua\src\lmathlib.c">
      <Filter>lua</Filter>
    </ClCompile>
    <ClCompile Include="..\lua\src\lmem.c">
      <Filter>lua</Filter>
    </ClCompile>
    <ClCompile Include="..\lua\src\loadlib.c">
      <Filter>lua</Filter>
    </ClCompile>
    <ClCompile Include="..\lua\src\lobject.c">
      <Filter>lua</Filter>
    </ClCompile>
    <ClCompile Include="..\lua\src\lopcodes.c">
      <Filter>lua</Filter>
    </ClCompile>
    <ClCompile Include="..\lua\src\loslib.c">
      <Filter>lua</Filter>
    </ClCompile>
    <ClCompile Include="..\lua\src\lparser.c">
      <Filter>lua</Filter>
    </ClCompile>
    <ClCompile Include="..\lua\src\lstate.c">
      <Filter>lua</Filter>
    </ClCompile>
    <ClCompile Include="..\lua\src\lstring.c">
      <Filter>lua</Filter>
    </ClCompile>
    <ClCompile Include="..\lua\src\lstrlib.c">
      <Filter>lua</Filter>
    </ClCompile>
    <ClCompile Include="..\lua\src\ltable.c">
      <Filter>lua</Filter>
    </ClCompile>
    <ClCompile Include="..\lua\src\ltablib.c">
      <Filter>lua</Filter>
    </ClCompile>
    <ClCompile Include="..\lua\src\ltm.c">
      <Filter>lua</Filter>
    </ClCompile>
    <ClCompile Include="..\lua\src\lundump.c">
      <Filter>lua</Filter>
    </ClCompile>
    <ClCompile Include="..\lua\src\lutf8lib.c">
      <Filter>lua</Filter>
    </ClCompile>
    <ClCompile Include="..\lua\src\lvm.c">
      <Filter>lua</Filter>
    </ClCompile>
    <ClCompile Include="..\lua\src\lzio.c">
      <Filter>lua</Filter>
    </ClCompile>
  </ItemGroup>
  <ItemGroup>
    <ClInclude Include="main.h">
      <Filter>win32</Filter>
    </ClInclude>
    <ClInclude Include="..\Classes\AppDelegate.h">
      <Filter>src</Filter>
    </ClInclude>
    <ClInclude Include="..\xxlib\fixed_function.hpp">
      <Filter>xxlib</Filter>
    </ClInclude>
    <ClInclude Include="..\xxlib\http_parser.h">
      <Filter>xxlib</Filter>
    </ClInclude>
    <ClInclude Include="..\xxlib\ikcp.h">
      <Filter>xxlib</Filter>
    </ClInclude>
    <ClInclude Include="..\xxlib\xx.h">
      <Filter>xxlib</Filter>
    </ClInclude>
    <ClInclude Include="..\xxlib\xx_bbuffer.h">
      <Filter>xxlib</Filter>
    </ClInclude>
    <ClInclude Include="..\xxlib\xx_bbuffer.hpp">
      <Filter>xxlib</Filter>
    </ClInclude>
    <ClInclude Include="..\xxlib\xx_bytesutils.h">
      <Filter>xxlib</Filter>
    </ClInclude>
    <ClInclude Include="..\xxlib\xx_bytesutils.hpp">
      <Filter>xxlib</Filter>
    </ClInclude>
    <ClInclude Include="..\xxlib\xx_charsutils.h">
      <Filter>xxlib</Filter>
    </ClInclude>
    <ClInclude Include="..\xxlib\xx_charsutils.hpp">
      <Filter>xxlib</Filter>
    </ClInclude>
    <ClInclude Include="..\xxlib\xx_dict.h">
      <Filter>xxlib</Filter>
    </ClInclude>
    <ClInclude Include="..\xxlib\xx_dict.hpp">
      <Filter>xxlib</Filter>
    </ClInclude>
    <ClInclude Include="..\xxlib\xx_dictex.h">
      <Filter>xxlib</Filter>
    </ClInclude>
    <ClInclude Include="..\xxlib\xx_guid.h">
      <Filter>xxlib</Filter>
    </ClInclude>
    <ClInclude Include="..\xxlib\xx_guid.hpp">
      <Filter>xxlib</Filter>
    </ClInclude>
    <ClInclude Include="..\xxlib\xx_hashset.h">
      <Filter>xxlib</Filter>
    </ClInclude>
    <ClInclude Include="..\xxlib\xx_hashset.hpp">
      <Filter>xxlib</Filter>
    </ClInclude>
    <ClInclude Include="..\xxlib\xx_hashutils.h">
      <Filter>xxlib</Filter>
    </ClInclude>
    <ClInclude Include="..\xxlib\xx_hashutils.hpp">
      <Filter>xxlib</Filter>
    </ClInclude>
    <ClInclude Include="..\xxlib\xx_list.h">
      <Filter>xxlib</Filter>
    </ClInclude>
    <ClInclude Include="..\xxlib\xx_list.hpp">
      <Filter>xxlib</Filter>
    </ClInclude>
    <ClInclude Include="..\xxlib\xx_logger.h">
      <Filter>xxlib</Filter>
    </ClInclude>
    <ClInclude Include="..\xxlib\xx_mempool.h">
      <Filter>xxlib</Filter>
    </ClInclude>
    <ClInclude Include="..\xxlib\xx_mempool.hpp">
      <Filter>xxlib</Filter>
    </ClInclude>
    <ClInclude Include="..\xxlib\xx_pos.h">
      <Filter>xxlib</Filter>
    </ClInclude>
    <ClInclude Include="..\xxlib\xx_queue.h">
      <Filter>xxlib</Filter>
    </ClInclude>
    <ClInclude Include="..\xxlib\xx_queue.hpp">
      <Filter>xxlib</Filter>
    </ClInclude>
    <ClInclude Include="..\xxlib\xx_random.h">
      <Filter>xxlib</Filter>
    </ClInclude>
    <ClInclude Include="..\xxlib\xx_random.hpp">
      <Filter>xxlib</Filter>
    </ClInclude>
    <ClInclude Include="..\xxlib\xx_sqlite.h">
      <Filter>xxlib</Filter>
    </ClInclude>
    <ClInclude Include="..\xxlib\xx_string.h">
      <Filter>xxlib</Filter>
    </ClInclude>
    <ClInclude Include="..\xxlib\xx_string.hpp">
      <Filter>xxlib</Filter>
    </ClInclude>
    <ClInclude Include="..\xxlib\xx_uv.h">
      <Filter>xxlib</Filter>
    </ClInclude>
    <ClInclude Include="..\xxlib\xx_uv.hpp">
      <Filter>xxlib</Filter>
    </ClInclude>
    <ClInclude Include="..\Classes\lua_all.hpp">
      <Filter>lua_binds</Filter>
    </ClInclude>
    <ClInclude Include="..\Classes\lua_cc.hpp">
      <Filter>lua_binds</Filter>
    </ClInclude>
    <ClInclude Include="..\Classes\lua_cc_event.hpp">
      <Filter>lua_binds</Filter>
    </ClInclude>
    <ClInclude Include="..\Classes\lua_cc_eventlisteners.hpp">
      <Filter>lua_binds</Filter>
    </ClInclude>
    <ClInclude Include="..\Classes\lua_cc_node.hpp">
      <Filter>lua_binds</Filter>
    </ClInclude>
    <ClInclude Include="..\Classes\lua_cc_ref.hpp">
      <Filter>lua_binds</Filter>
    </ClInclude>
    <ClInclude Include="..\Classes\lua_cc_scene.hpp">
      <Filter>lua_binds</Filter>
    </ClInclude>
    <ClInclude Include="..\Classes\lua_cc_sprite.hpp">
      <Filter>lua_binds</Filter>
    </ClInclude>
    <ClInclude Include="..\Classes\lua_cc_texture.hpp">
      <Filter>lua_binds</Filter>
    </ClInclude>
    <ClInclude Include="..\Classes\lua_cc_touch.hpp">
      <Filter>lua_binds</Filter>
    </ClInclude>
    <ClInclude Include="..\Classes\lua_keys.hpp">
      <Filter>lua_binds</Filter>
    </ClInclude>
    <ClInclude Include="..\Classes\lua_init.hpp">
      <Filter>lua_binds</Filter>
    </ClInclude>
    <ClInclude Include="..\Classes\lua_xx.hpp">
      <Filter>lua_binds</Filter>
    </ClInclude>
    <ClInclude Include="..\Classes\lua_xx_uvloop.hpp">
      <Filter>lua_binds</Filter>
    </ClInclude>
    <ClInclude Include="..\Classes\lua_xx_mempool.hpp">
      <Filter>lua_binds</Filter>
    </ClInclude>
    <ClInclude Include="..\Classes\lua_xx_bbuffer.hpp">
      <Filter>lua_binds</Filter>
    </ClInclude>
    <ClInclude Include="..\Classes\lua_xx_uvtcpclient.hpp">
      <Filter>lua_binds</Filter>
    </ClInclude>
    <ClInclude Include="..\Classes\lua_xx_object.hpp">
      <Filter>lua_binds</Filter>
    </ClInclude>
    <ClInclude Include="..\Classes\lua_pushcall.hpp">
      <Filter>lua_binds</Filter>
    </ClInclude>
    <ClInclude Include="..\Classes\lua_new_xxx.hpp">
      <Filter>lua_binds</Filter>
    </ClInclude>
    <ClInclude Include="..\Classes\lua_to_xxx.hpp">
      <Filter>lua_binds</Filter>
    </ClInclude>
    <ClInclude Include="..\Classes\lua_func.hpp">
      <Filter>lua_binds</Filter>
    </ClInclude>
    <ClInclude Include="..\lua\src\lapi.h">
      <Filter>lua</Filter>
    </ClInclude>
    <ClInclude Include="..\lua\src\lauxlib.h">
      <Filter>lua</Filter>
    </ClInclude>
    <ClInclude Include="..\lua\src\lcode.h">
      <Filter>lua</Filter>
    </ClInclude>
    <ClInclude Include="..\lua\src\lctype.h">
      <Filter>lua</Filter>
    </ClInclude>
    <ClInclude Include="..\lua\src\ldebug.h">
      <Filter>lua</Filter>
    </ClInclude>
    <ClInclude Include="..\lua\src\ldo.h">
      <Filter>lua</Filter>
    </ClInclude>
    <ClInclude Include="..\lua\src\lfunc.h">
      <Filter>lua</Filter>
    </ClInclude>
    <ClInclude Include="..\lua\src\lgc.h">
      <Filter>lua</Filter>
    </ClInclude>
    <ClInclude Include="..\lua\src\llex.h">
      <Filter>lua</Filter>
    </ClInclude>
    <ClInclude Include="..\lua\src\llimits.h">
      <Filter>lua</Filter>
    </ClInclude>
    <ClInclude Include="..\lua\src\lmem.h">
      <Filter>lua</Filter>
    </ClInclude>
    <ClInclude Include="..\lua\src\lobject.h">
      <Filter>lua</Filter>
    </ClInclude>
    <ClInclude Include="..\lua\src\lopcodes.h">
      <Filter>lua</Filter>
    </ClInclude>
    <ClInclude Include="..\lua\src\lparser.h">
      <Filter>lua</Filter>
    </ClInclude>
    <ClInclude Include="..\lua\src\lprefix.h">
      <Filter>lua</Filter>
    </ClInclude>
    <ClInclude Include="..\lua\src\lstate.h">
      <Filter>lua</Filter>
    </ClInclude>
    <ClInclude Include="..\lua\src\lstring.h">
      <Filter>lua</Filter>
    </ClInclude>
    <ClInclude Include="..\lua\src\ltable.h">
      <Filter>lua</Filter>
    </ClInclude>
    <ClInclude Include="..\lua\src\ltm.h">
      <Filter>lua</Filter>
    </ClInclude>
    <ClInclude Include="..\lua\src\lua.h">
      <Filter>lua</Filter>
    </ClInclude>
    <ClInclude Include="..\lua\src\lua.hpp">
      <Filter>lua</Filter>
    </ClInclude>
    <ClInclude Include="..\lua\src\luaconf.h">
      <Filter>lua</Filter>
    </ClInclude>
    <ClInclude Include="..\lua\src\lualib.h">
      <Filter>lua</Filter>
    </ClInclude>
    <ClInclude Include="..\lua\src\lundump.h">
      <Filter>lua</Filter>
    </ClInclude>
    <ClInclude Include="..\lua\src\lvm.h">
      <Filter>lua</Filter>
    </ClInclude>
    <ClInclude Include="..\lua\src\lzio.h">
      <Filter>lua</Filter>
    </ClInclude>
    <ClInclude Include="..\Classes\lua_cc_layer.hpp">
      <Filter>lua_binds</Filter>
    </ClInclude>
    <ClInclude Include="..\Classes\lua_cc_uibutton.hpp">
      <Filter>lua_binds</Filter>
    </ClInclude>
    <ClInclude Include="..\Classes\lua_cc_uiwidget.hpp">
      <Filter>lua_binds</Filter>
    </ClInclude>
    <ClInclude Include="..\Classes\lua_cc_actions.hpp">
      <Filter>lua_binds</Filter>
    </ClInclude>
    <ClInclude Include="..\Classes\lua_cc_scrollview.hpp">
      <Filter>lua_binds</Filter>
    </ClInclude>
    <ClInclude Include="..\Classes\lua_cc_uiimageview.hpp">
      <Filter>lua_binds</Filter>
    </ClInclude>
    <ClInclude Include="..\Classes\lua_cc_label.hpp">
      <Filter>lua_binds</Filter>
    </ClInclude>
    <ClInclude Include="..\Classes\lua_cc_uieditbox.hpp">
      <Filter>lua_binds</Filter>
    </ClInclude>
    <ClInclude Include="..\Classes\lua_cc_spriteframe.hpp">
      <Filter>lua_binds</Filter>
    </ClInclude>
    <ClInclude Include="..\Classes\lua_cc_data.hpp">
      <Filter>lua_binds</Filter>
    </ClInclude>
    <ClInclude Include="..\Classes\lua_cca.hpp">
      <Filter>lua_binds</Filter>
    </ClInclude>
  </ItemGroup>
  <ItemGroup>
    <Natvis Include="..\xxlib\lua.natvis">
      <Filter>xxlib</Filter>
    </Natvis>
    <Natvis Include="..\xxlib\xx.natvis">
      <Filter>xxlib</Filter>
    </Natvis>
  </ItemGroup>
  <ItemGroup>
    <ResourceCompile Include="game.rc">
      <Filter>win32</Filter>
    </ResourceCompile>
  </ItemGroup>
</Project>